// !$*UTF8*$!
{
	archiveVersion = 1;
	classes = {
	};
	objectVersion = 56;
	objects = {

/* Begin PBXBuildFile section */
		5A0E944A2A60E4D200C6F1EC /* CustomNavBar.swift in Sources */ = {isa = PBXBuildFile; fileRef = 5A0E94492A60E4D200C6F1EC /* CustomNavBar.swift */; };
		5A0E944E2A60F7D900C6F1EC /* MainTabbarViewController.swift in Sources */ = {isa = PBXBuildFile; fileRef = 5A0E944D2A60F7D900C6F1EC /* MainTabbarViewController.swift */; };
		5A0E94532A611BFE00C6F1EC /* UIColor+Utility.swift in Sources */ = {isa = PBXBuildFile; fileRef = 5A0E94522A611BFE00C6F1EC /* UIColor+Utility.swift */; };
		5A0E94582A612E7600C6F1EC /* HomeFoodViewModel.swift in Sources */ = {isa = PBXBuildFile; fileRef = 5A0E94572A612E7600C6F1EC /* HomeFoodViewModel.swift */; };
		5A0E945B2A6130B900C6F1EC /* HomeTopAdModel.swift in Sources */ = {isa = PBXBuildFile; fileRef = 5A0E945A2A6130B900C6F1EC /* HomeTopAdModel.swift */; };
		5A0E945D2A6131CC00C6F1EC /* AdsPagerView.swift in Sources */ = {isa = PBXBuildFile; fileRef = 5A0E945C2A6131CC00C6F1EC /* AdsPagerView.swift */; };
		5A24C7942AC6971A00056451 /* BaseFoodFactory.swift in Sources */ = {isa = PBXBuildFile; fileRef = 5A24C7932AC6971A00056451 /* BaseFoodFactory.swift */; };
		5A3647982AB057EB0056C2C7 /* ChatDetailViewController.swift in Sources */ = {isa = PBXBuildFile; fileRef = 5A3647972AB057EB0056C2C7 /* ChatDetailViewController.swift */; };
		5A36479A2AB058300056C2C7 /* ChatDetailHeaderView.swift in Sources */ = {isa = PBXBuildFile; fileRef = 5A3647992AB058300056C2C7 /* ChatDetailHeaderView.swift */; };
		5A3F99262AAEB671006BE4D3 /* PopularItemsCollection+UICollectionViewDataSource.swift in Sources */ = {isa = PBXBuildFile; fileRef = 5A3F99252AAEB671006BE4D3 /* PopularItemsCollection+UICollectionViewDataSource.swift */; };
		5A3F99282AAEB69D006BE4D3 /* PopularItemsCollection+UICollectionViewDelegate.swift in Sources */ = {isa = PBXBuildFile; fileRef = 5A3F99272AAEB69D006BE4D3 /* PopularItemsCollection+UICollectionViewDelegate.swift */; };
		5A3F992A2AAEB71B006BE4D3 /* HomeFoodController+UITableViewDelegate.swift in Sources */ = {isa = PBXBuildFile; fileRef = 5A3F99292AAEB71B006BE4D3 /* HomeFoodController+UITableViewDelegate.swift */; };
		5A3F992C2AAEB73D006BE4D3 /* HomeFoodController+UITableViewDataSource.swift in Sources */ = {isa = PBXBuildFile; fileRef = 5A3F992B2AAEB73D006BE4D3 /* HomeFoodController+UITableViewDataSource.swift */; };
		5A3F992E2AAEBA19006BE4D3 /* PlaceHolderVIewController.swift in Sources */ = {isa = PBXBuildFile; fileRef = 5A3F992D2AAEBA19006BE4D3 /* PlaceHolderVIewController.swift */; };
		5A3F99342AAEDDAC006BE4D3 /* FilterSearchVC.swift in Sources */ = {isa = PBXBuildFile; fileRef = 5A3F99332AAEDDAC006BE4D3 /* FilterSearchVC.swift */; };
		5A3F99362AAEDE4E006BE4D3 /* SearchFoodField.swift in Sources */ = {isa = PBXBuildFile; fileRef = 5A3F99352AAEDE4E006BE4D3 /* SearchFoodField.swift */; };
		5A3F993A2AAEE16F006BE4D3 /* FiltersCollection.swift in Sources */ = {isa = PBXBuildFile; fileRef = 5A3F99392AAEE16F006BE4D3 /* FiltersCollection.swift */; };
		5A3F993D2AAEE1CE006BE4D3 /* FilterModel.swift in Sources */ = {isa = PBXBuildFile; fileRef = 5A3F993C2AAEE1CE006BE4D3 /* FilterModel.swift */; };
		5A3F993F2AAEE7B8006BE4D3 /* FiltersCollection+UICollectionViewDelegate.swift in Sources */ = {isa = PBXBuildFile; fileRef = 5A3F993E2AAEE7B8006BE4D3 /* FiltersCollection+UICollectionViewDelegate.swift */; };
		5A3F99412AAEE7C9006BE4D3 /* FiltersCollection+UICollectionViewDataSource.swift in Sources */ = {isa = PBXBuildFile; fileRef = 5A3F99402AAEE7C9006BE4D3 /* FiltersCollection+UICollectionViewDataSource.swift */; };
		5A3F99432AAEEB0F006BE4D3 /* FilterCollectionCell.swift in Sources */ = {isa = PBXBuildFile; fileRef = 5A3F99422AAEEB0F006BE4D3 /* FilterCollectionCell.swift */; };
		5A3F99452AAEF181006BE4D3 /* FilterSearchVC+UITableViewDataSource.swift in Sources */ = {isa = PBXBuildFile; fileRef = 5A3F99442AAEF181006BE4D3 /* FilterSearchVC+UITableViewDataSource.swift */; };
		5A3F99472AAEF195006BE4D3 /* FilterSearchVC+UITableViewDelegate.swift in Sources */ = {isa = PBXBuildFile; fileRef = 5A3F99462AAEF195006BE4D3 /* FilterSearchVC+UITableViewDelegate.swift */; };
		5A3F994A2AAEF238006BE4D3 /* FilterSearchVM.swift in Sources */ = {isa = PBXBuildFile; fileRef = 5A3F99492AAEF238006BE4D3 /* FilterSearchVM.swift */; };
		5A58249E2A5E617A008C8068 /* LoginVM.swift in Sources */ = {isa = PBXBuildFile; fileRef = 5A58249D2A5E6179008C8068 /* LoginVM.swift */; };
		5A5824A32A5E7690008C8068 /* SignUpViewController.swift in Sources */ = {isa = PBXBuildFile; fileRef = 5A5824A22A5E7690008C8068 /* SignUpViewController.swift */; };
		5A5824A52A5E76A1008C8068 /* SignUpVM.swift in Sources */ = {isa = PBXBuildFile; fileRef = 5A5824A42A5E76A1008C8068 /* SignUpVM.swift */; };
		5A89308D2A60DABC00BB5AB3 /* AppConfiguration.swift in Sources */ = {isa = PBXBuildFile; fileRef = 5A89308C2A60DABC00BB5AB3 /* AppConfiguration.swift */; };
		5A8B8DFB2AC55E0100C8E538 /* FoodDetailTableVC+HeaderTagDetailDelegate.swift in Sources */ = {isa = PBXBuildFile; fileRef = 5A8B8DFA2AC55E0100C8E538 /* FoodDetailTableVC+HeaderTagDetailDelegate.swift */; };
		5A8B8DFD2AC56D0800C8E538 /* ReviewsDetailTable.swift in Sources */ = {isa = PBXBuildFile; fileRef = 5A8B8DFC2AC56D0800C8E538 /* ReviewsDetailTable.swift */; };
		5A8B8DFF2AC56EEB00C8E538 /* ReviewsDetailTable+UITableViewDelegate.swift in Sources */ = {isa = PBXBuildFile; fileRef = 5A8B8DFE2AC56EEB00C8E538 /* ReviewsDetailTable+UITableViewDelegate.swift */; };
		5A8B8E012AC56F0900C8E538 /* ReviewsDetailTable+UITableViewDataSource.swift in Sources */ = {isa = PBXBuildFile; fileRef = 5A8B8E002AC56F0900C8E538 /* ReviewsDetailTable+UITableViewDataSource.swift */; };
		5A8B8E032AC570FB00C8E538 /* UserReviewCell.swift in Sources */ = {isa = PBXBuildFile; fileRef = 5A8B8E022AC570FB00C8E538 /* UserReviewCell.swift */; };
		5A8DB6282ACA543400050432 /* UserHeaderMemberCell.swift in Sources */ = {isa = PBXBuildFile; fileRef = 5A8DB6272ACA543400050432 /* UserHeaderMemberCell.swift */; };
		5A8DB62B2ACA546200050432 /* UserProfileViewModel.swift in Sources */ = {isa = PBXBuildFile; fileRef = 5A8DB62A2ACA546200050432 /* UserProfileViewModel.swift */; };
		5A8DB62E2ACA55B500050432 /* UserModel.swift in Sources */ = {isa = PBXBuildFile; fileRef = 5A8DB62D2ACA55B500050432 /* UserModel.swift */; };
		5A8DB6302ACA55C500050432 /* UserExtraInfoModel.swift in Sources */ = {isa = PBXBuildFile; fileRef = 5A8DB62F2ACA55C500050432 /* UserExtraInfoModel.swift */; };
		5A8DB6322ACA652900050432 /* UserProfileInfoCell.swift in Sources */ = {isa = PBXBuildFile; fileRef = 5A8DB6312ACA652900050432 /* UserProfileInfoCell.swift */; };
		5A8DB6342ACA657D00050432 /* UserFavorites.swift in Sources */ = {isa = PBXBuildFile; fileRef = 5A8DB6332ACA657D00050432 /* UserFavorites.swift */; };
		5A8DB6362ACA659500050432 /* UserVouchersCell.swift in Sources */ = {isa = PBXBuildFile; fileRef = 5A8DB6352ACA659500050432 /* UserVouchersCell.swift */; };
		5A8DB6382ACA6A3D00050432 /* UserProfileTableVC+UITableViewDelegate.swift in Sources */ = {isa = PBXBuildFile; fileRef = 5A8DB6372ACA6A3D00050432 /* UserProfileTableVC+UITableViewDelegate.swift */; };
		5A8DB63A2ACA6A5F00050432 /* UserProfileTableVC+UITableViewDataSource.swift in Sources */ = {isa = PBXBuildFile; fileRef = 5A8DB6392ACA6A5F00050432 /* UserProfileTableVC+UITableViewDataSource.swift */; };
		5A8DB63C2ACA6D9B00050432 /* UserProfileTableVC.swift in Sources */ = {isa = PBXBuildFile; fileRef = 5A8DB63B2ACA6D9B00050432 /* UserProfileTableVC.swift */; };
		5A8DB63E2ACAA0F800050432 /* UserFavorites+UITableViewDataSource.swift in Sources */ = {isa = PBXBuildFile; fileRef = 5A8DB63D2ACAA0F800050432 /* UserFavorites+UITableViewDataSource.swift */; };
		5A8DB6402ACAA10E00050432 /* UserFavorites+UITableViewDelegate.swift in Sources */ = {isa = PBXBuildFile; fileRef = 5A8DB63F2ACAA10E00050432 /* UserFavorites+UITableViewDelegate.swift */; };
		5A8DB6422ACAA69200050432 /* FavoriteItemCell.swift in Sources */ = {isa = PBXBuildFile; fileRef = 5A8DB6412ACAA69200050432 /* FavoriteItemCell.swift */; };
		5A8DB6442ACAC53200050432 /* CartManager.swift in Sources */ = {isa = PBXBuildFile; fileRef = 5A8DB6432ACAC53200050432 /* CartManager.swift */; };
		5A8E07B22AC2BB7800A20038 /* FoodDetailTableVC+UITableViewDelegate.swift in Sources */ = {isa = PBXBuildFile; fileRef = 5A8E07B12AC2BB7800A20038 /* FoodDetailTableVC+UITableViewDelegate.swift */; };
		5A8E07B42AC2BB8600A20038 /* FoodDetailTableVC+UITableViewDataSource.swift in Sources */ = {isa = PBXBuildFile; fileRef = 5A8E07B32AC2BB8600A20038 /* FoodDetailTableVC+UITableViewDataSource.swift */; };
		5A8E07B62AC2C9E900A20038 /* LaterUser.swift in Sources */ = {isa = PBXBuildFile; fileRef = 5A8E07B52AC2C9E800A20038 /* LaterUser.swift */; };
		5A90189E2ACBAF07003D4E1D /* RedBadgeView.swift in Sources */ = {isa = PBXBuildFile; fileRef = 5A90189D2ACBAF07003D4E1D /* RedBadgeView.swift */; };
		5A9018A32ACBDBDF003D4E1D /* MainTabbarViewController+HomeFoodViewControllerDelegate.swift in Sources */ = {isa = PBXBuildFile; fileRef = 5A9018A22ACBDBDF003D4E1D /* MainTabbarViewController+HomeFoodViewControllerDelegate.swift */; };
		5A9018A52ACBEE63003D4E1D /* CartViewController.swift in Sources */ = {isa = PBXBuildFile; fileRef = 5A9018A42ACBEE63003D4E1D /* CartViewController.swift */; };
		5A9018A72ACBF1ED003D4E1D /* Notification.swift in Sources */ = {isa = PBXBuildFile; fileRef = 5A9018A62ACBF1ED003D4E1D /* Notification.swift */; };
		5A96BA832A5E35FA00BEE3D9 /* UserManager.swift in Sources */ = {isa = PBXBuildFile; fileRef = 5A96BA822A5E35FA00BEE3D9 /* UserManager.swift */; };
		5A9A6E882A5E400E00E61CA5 /* SessionManager.swift in Sources */ = {isa = PBXBuildFile; fileRef = 5A9A6E872A5E400E00E61CA5 /* SessionManager.swift */; };
		5A9A6E8A2A5E416F00E61CA5 /* SignUpManager.swift in Sources */ = {isa = PBXBuildFile; fileRef = 5A9A6E892A5E416F00E61CA5 /* SignUpManager.swift */; };
		5A9A6E8C2A5E44E800E61CA5 /* BaseTextField.swift in Sources */ = {isa = PBXBuildFile; fileRef = 5A9A6E8B2A5E44E800E61CA5 /* BaseTextField.swift */; };
		5A9EC24D2AC1321E0075756D /* OnboardingCoordinator.swift in Sources */ = {isa = PBXBuildFile; fileRef = 5A9EC24C2AC1321E0075756D /* OnboardingCoordinator.swift */; };
		5A9EC24F2AC15E8E0075756D /* AppDelegate+Services.swift in Sources */ = {isa = PBXBuildFile; fileRef = 5A9EC24E2AC15E8D0075756D /* AppDelegate+Services.swift */; };
		5A9EC2522AC1725E0075756D /* FoodDetailVC.swift in Sources */ = {isa = PBXBuildFile; fileRef = 5A9EC2512AC1725E0075756D /* FoodDetailVC.swift */; };
		5A9EC2562AC1729C0075756D /* FoodDetailViewModel.swift in Sources */ = {isa = PBXBuildFile; fileRef = 5A9EC2552AC1729C0075756D /* FoodDetailViewModel.swift */; };
		5A9EC2592AC172E50075756D /* FoodDetailModel.swift in Sources */ = {isa = PBXBuildFile; fileRef = 5A9EC2582AC172E50075756D /* FoodDetailModel.swift */; };
		5A9EC25B2AC173860075756D /* FoodRatingModel.swift in Sources */ = {isa = PBXBuildFile; fileRef = 5A9EC25A2AC173850075756D /* FoodRatingModel.swift */; };
		5A9EC25D2AC175300075756D /* BaseDetailVC.swift in Sources */ = {isa = PBXBuildFile; fileRef = 5A9EC25C2AC175300075756D /* BaseDetailVC.swift */; };
		5A9F281E2A4AB4D500E478F3 /* AppDelegate.swift in Sources */ = {isa = PBXBuildFile; fileRef = 5A9F281D2A4AB4D500E478F3 /* AppDelegate.swift */; };
		5A9F28272A4AB4D800E478F3 /* Assets.xcassets in Resources */ = {isa = PBXBuildFile; fileRef = 5A9F28262A4AB4D800E478F3 /* Assets.xcassets */; };
		5A9FCFEC2A64CF7B00F03DD8 /* HomeBaseViewController.swift in Sources */ = {isa = PBXBuildFile; fileRef = 5A9FCFEB2A64CF7B00F03DD8 /* HomeBaseViewController.swift */; };
		5A9FCFEE2A64EC7A00F03DD8 /* PopularItemsCollection.swift in Sources */ = {isa = PBXBuildFile; fileRef = 5A9FCFED2A64EC7A00F03DD8 /* PopularItemsCollection.swift */; };
		5A9FCFF22A64EEF600F03DD8 /* BaseFoodModel.swift in Sources */ = {isa = PBXBuildFile; fileRef = 5A9FCFF12A64EEF600F03DD8 /* BaseFoodModel.swift */; };
		5A9FCFF62A64F24500F03DD8 /* PopularMenuCell.swift in Sources */ = {isa = PBXBuildFile; fileRef = 5A9FCFF52A64F24500F03DD8 /* PopularMenuCell.swift */; };
		5AA251992A53B6EB000090C5 /* BaseViewController.swift in Sources */ = {isa = PBXBuildFile; fileRef = 5AA251982A53B6EB000090C5 /* BaseViewController.swift */; };
		5AA251A52A53B72C000090C5 /* HomeFoodController.swift in Sources */ = {isa = PBXBuildFile; fileRef = 5AA2519B2A53B72C000090C5 /* HomeFoodController.swift */; };
		5AA251A62A53B72C000090C5 /* GlobalFunc.swift in Sources */ = {isa = PBXBuildFile; fileRef = 5AA2519D2A53B72C000090C5 /* GlobalFunc.swift */; };
		5AA251A72A53B72C000090C5 /* GlobalImports.swift in Sources */ = {isa = PBXBuildFile; fileRef = 5AA2519E2A53B72C000090C5 /* GlobalImports.swift */; };
		5AA251A82A53B72C000090C5 /* UIFont+Utility.swift in Sources */ = {isa = PBXBuildFile; fileRef = 5AA2519F2A53B72C000090C5 /* UIFont+Utility.swift */; };
		5AA251A92A53B72C000090C5 /* ABLength.swift in Sources */ = {isa = PBXBuildFile; fileRef = 5AA251A02A53B72C000090C5 /* ABLength.swift */; };
		5AA251AA2A53B72C000090C5 /* String+Utility.swift in Sources */ = {isa = PBXBuildFile; fileRef = 5AA251A22A53B72C000090C5 /* String+Utility.swift */; };
		5AA251AB2A53B72C000090C5 /* UINavigationController+Utility.swift in Sources */ = {isa = PBXBuildFile; fileRef = 5AA251A32A53B72C000090C5 /* UINavigationController+Utility.swift */; };
		5AA251AC2A53B72C000090C5 /* DayNightMode.swift in Sources */ = {isa = PBXBuildFile; fileRef = 5AA251A42A53B72C000090C5 /* DayNightMode.swift */; };
		5AA251AF2A53BDD1000090C5 /* LogInViewController.swift in Sources */ = {isa = PBXBuildFile; fileRef = 5AA251AE2A53BDD1000090C5 /* LogInViewController.swift */; };
		5AA251B12A53BE5D000090C5 /* UIImageView+Utility.swift in Sources */ = {isa = PBXBuildFile; fileRef = 5AA251B02A53BE5D000090C5 /* UIImageView+Utility.swift */; };
		5AA251B52A53C3BE000090C5 /* AppManager.swift in Sources */ = {isa = PBXBuildFile; fileRef = 5AA251B42A53C3BE000090C5 /* AppManager.swift */; };
		5AA2FD882AC3F11900997DD1 /* UserProfileVC.swift in Sources */ = {isa = PBXBuildFile; fileRef = 5AA2FD872AC3F11900997DD1 /* UserProfileVC.swift */; };
		5AA2FD8A2AC4206A00997DD1 /* FoodDetailTableVC.swift in Sources */ = {isa = PBXBuildFile; fileRef = 5AA2FD892AC4206A00997DD1 /* FoodDetailTableVC.swift */; };
		5AA2FD8E2AC4304200997DD1 /* HeaderTagDetailCell.swift in Sources */ = {isa = PBXBuildFile; fileRef = 5AA2FD8D2AC4304200997DD1 /* HeaderTagDetailCell.swift */; };
		5AA2FD902AC435B900997DD1 /* DetailInfoCell.swift in Sources */ = {isa = PBXBuildFile; fileRef = 5AA2FD8F2AC435B900997DD1 /* DetailInfoCell.swift */; };
		5ABA5D5E2AB1912F000DEC06 /* OnboardingViewController.swift in Sources */ = {isa = PBXBuildFile; fileRef = 5ABA5D5D2AB1912F000DEC06 /* OnboardingViewController.swift */; };
		5ABA5D612AB19145000DEC06 /* OnboardingModel.swift in Sources */ = {isa = PBXBuildFile; fileRef = 5ABA5D602AB19145000DEC06 /* OnboardingModel.swift */; };
		5AF4AF672AB0025800ABC5B9 /* FilterSearchVC+FilterSearchVMDelegate.swift in Sources */ = {isa = PBXBuildFile; fileRef = 5AF4AF662AB0025800ABC5B9 /* FilterSearchVC+FilterSearchVMDelegate.swift */; };
		5AF4AF692AB0046300ABC5B9 /* HomeFoodController+FilterSearchViewControllerDelegate.swift in Sources */ = {isa = PBXBuildFile; fileRef = 5AF4AF682AB0046300ABC5B9 /* HomeFoodController+FilterSearchViewControllerDelegate.swift */; };
		5AF4AF6B2AB00A2200ABC5B9 /* FilterSearchVC+FiltersCollectionDelegate.swift in Sources */ = {isa = PBXBuildFile; fileRef = 5AF4AF6A2AB00A2200ABC5B9 /* FilterSearchVC+FiltersCollectionDelegate.swift */; };
		5AF4AF6F2AB03CF700ABC5B9 /* ChatsViewController.swift in Sources */ = {isa = PBXBuildFile; fileRef = 5AF4AF6E2AB03CF700ABC5B9 /* ChatsViewController.swift */; };
		5AF4AF712AB03EBB00ABC5B9 /* ChatsViewController+UITableViewDataSource.swift in Sources */ = {isa = PBXBuildFile; fileRef = 5AF4AF702AB03EBB00ABC5B9 /* ChatsViewController+UITableViewDataSource.swift */; };
		5AF4AF732AB0403100ABC5B9 /* ChatsViewController+UITableViewDelegate.swift in Sources */ = {isa = PBXBuildFile; fileRef = 5AF4AF722AB0403100ABC5B9 /* ChatsViewController+UITableViewDelegate.swift */; };
		5AF4AF762AB040A500ABC5B9 /* ChatPersonCell.swift in Sources */ = {isa = PBXBuildFile; fileRef = 5AF4AF752AB040A500ABC5B9 /* ChatPersonCell.swift */; };
		5AF713262A613BF100EFBE3D /* HomeTopAdsCell.swift in Sources */ = {isa = PBXBuildFile; fileRef = 5AF713252A613BF100EFBE3D /* HomeTopAdsCell.swift */; };
		5AF713282A6140B700EFBE3D /* NearRestaurantCollection.swift in Sources */ = {isa = PBXBuildFile; fileRef = 5AF713272A6140B700EFBE3D /* NearRestaurantCollection.swift */; };
		5AF7132A2A61452200EFBE3D /* NearRestoCell.swift in Sources */ = {isa = PBXBuildFile; fileRef = 5AF713292A61452200EFBE3D /* NearRestoCell.swift */; };
		5AF7132C2A61460D00EFBE3D /* RestaurantModel.swift in Sources */ = {isa = PBXBuildFile; fileRef = 5AF7132B2A61460D00EFBE3D /* RestaurantModel.swift */; };
		B1EF5D8826A88E9F149513AE /* Pods_FoodFood.framework in Frameworks */ = {isa = PBXBuildFile; fileRef = CBAB9E05D389781F782C1427 /* Pods_FoodFood.framework */; };
/* End PBXBuildFile section */

/* Begin PBXFileReference section */
		3E9C77996E69785745FFC851 /* Pods-FoodFood.debug.xcconfig */ = {isa = PBXFileReference; includeInIndex = 1; lastKnownFileType = text.xcconfig; name = "Pods-FoodFood.debug.xcconfig"; path = "Target Support Files/Pods-FoodFood/Pods-FoodFood.debug.xcconfig"; sourceTree = "<group>"; };
		5A0E94492A60E4D200C6F1EC /* CustomNavBar.swift */ = {isa = PBXFileReference; lastKnownFileType = sourcecode.swift; path = CustomNavBar.swift; sourceTree = "<group>"; };
		5A0E944D2A60F7D900C6F1EC /* MainTabbarViewController.swift */ = {isa = PBXFileReference; lastKnownFileType = sourcecode.swift; path = MainTabbarViewController.swift; sourceTree = "<group>"; };
		5A0E94522A611BFE00C6F1EC /* UIColor+Utility.swift */ = {isa = PBXFileReference; lastKnownFileType = sourcecode.swift; path = "UIColor+Utility.swift"; sourceTree = "<group>"; };
		5A0E94572A612E7600C6F1EC /* HomeFoodViewModel.swift */ = {isa = PBXFileReference; lastKnownFileType = sourcecode.swift; path = HomeFoodViewModel.swift; sourceTree = "<group>"; };
		5A0E945A2A6130B900C6F1EC /* HomeTopAdModel.swift */ = {isa = PBXFileReference; lastKnownFileType = sourcecode.swift; path = HomeTopAdModel.swift; sourceTree = "<group>"; };
		5A0E945C2A6131CC00C6F1EC /* AdsPagerView.swift */ = {isa = PBXFileReference; lastKnownFileType = sourcecode.swift; path = AdsPagerView.swift; sourceTree = "<group>"; };
		5A24C7932AC6971A00056451 /* BaseFoodFactory.swift */ = {isa = PBXFileReference; lastKnownFileType = sourcecode.swift; path = BaseFoodFactory.swift; sourceTree = "<group>"; };
		5A3647972AB057EB0056C2C7 /* ChatDetailViewController.swift */ = {isa = PBXFileReference; lastKnownFileType = sourcecode.swift; path = ChatDetailViewController.swift; sourceTree = "<group>"; };
		5A3647992AB058300056C2C7 /* ChatDetailHeaderView.swift */ = {isa = PBXFileReference; lastKnownFileType = sourcecode.swift; path = ChatDetailHeaderView.swift; sourceTree = "<group>"; };
		5A3F99252AAEB671006BE4D3 /* PopularItemsCollection+UICollectionViewDataSource.swift */ = {isa = PBXFileReference; lastKnownFileType = sourcecode.swift; path = "PopularItemsCollection+UICollectionViewDataSource.swift"; sourceTree = "<group>"; };
		5A3F99272AAEB69D006BE4D3 /* PopularItemsCollection+UICollectionViewDelegate.swift */ = {isa = PBXFileReference; lastKnownFileType = sourcecode.swift; path = "PopularItemsCollection+UICollectionViewDelegate.swift"; sourceTree = "<group>"; };
		5A3F99292AAEB71B006BE4D3 /* HomeFoodController+UITableViewDelegate.swift */ = {isa = PBXFileReference; lastKnownFileType = sourcecode.swift; path = "HomeFoodController+UITableViewDelegate.swift"; sourceTree = "<group>"; };
		5A3F992B2AAEB73D006BE4D3 /* HomeFoodController+UITableViewDataSource.swift */ = {isa = PBXFileReference; lastKnownFileType = sourcecode.swift; path = "HomeFoodController+UITableViewDataSource.swift"; sourceTree = "<group>"; };
		5A3F992D2AAEBA19006BE4D3 /* PlaceHolderVIewController.swift */ = {isa = PBXFileReference; lastKnownFileType = sourcecode.swift; path = PlaceHolderVIewController.swift; sourceTree = "<group>"; };
		5A3F99332AAEDDAC006BE4D3 /* FilterSearchVC.swift */ = {isa = PBXFileReference; lastKnownFileType = sourcecode.swift; path = FilterSearchVC.swift; sourceTree = "<group>"; };
		5A3F99352AAEDE4E006BE4D3 /* SearchFoodField.swift */ = {isa = PBXFileReference; lastKnownFileType = sourcecode.swift; path = SearchFoodField.swift; sourceTree = "<group>"; };
		5A3F99392AAEE16F006BE4D3 /* FiltersCollection.swift */ = {isa = PBXFileReference; lastKnownFileType = sourcecode.swift; path = FiltersCollection.swift; sourceTree = "<group>"; };
		5A3F993C2AAEE1CE006BE4D3 /* FilterModel.swift */ = {isa = PBXFileReference; lastKnownFileType = sourcecode.swift; path = FilterModel.swift; sourceTree = "<group>"; };
		5A3F993E2AAEE7B8006BE4D3 /* FiltersCollection+UICollectionViewDelegate.swift */ = {isa = PBXFileReference; lastKnownFileType = sourcecode.swift; path = "FiltersCollection+UICollectionViewDelegate.swift"; sourceTree = "<group>"; };
		5A3F99402AAEE7C9006BE4D3 /* FiltersCollection+UICollectionViewDataSource.swift */ = {isa = PBXFileReference; lastKnownFileType = sourcecode.swift; path = "FiltersCollection+UICollectionViewDataSource.swift"; sourceTree = "<group>"; };
		5A3F99422AAEEB0F006BE4D3 /* FilterCollectionCell.swift */ = {isa = PBXFileReference; lastKnownFileType = sourcecode.swift; path = FilterCollectionCell.swift; sourceTree = "<group>"; };
		5A3F99442AAEF181006BE4D3 /* FilterSearchVC+UITableViewDataSource.swift */ = {isa = PBXFileReference; lastKnownFileType = sourcecode.swift; path = "FilterSearchVC+UITableViewDataSource.swift"; sourceTree = "<group>"; };
		5A3F99462AAEF195006BE4D3 /* FilterSearchVC+UITableViewDelegate.swift */ = {isa = PBXFileReference; lastKnownFileType = sourcecode.swift; path = "FilterSearchVC+UITableViewDelegate.swift"; sourceTree = "<group>"; };
		5A3F99492AAEF238006BE4D3 /* FilterSearchVM.swift */ = {isa = PBXFileReference; lastKnownFileType = sourcecode.swift; path = FilterSearchVM.swift; sourceTree = "<group>"; };
		5A58249D2A5E6179008C8068 /* LoginVM.swift */ = {isa = PBXFileReference; lastKnownFileType = sourcecode.swift; path = LoginVM.swift; sourceTree = "<group>"; };
		5A5824A22A5E7690008C8068 /* SignUpViewController.swift */ = {isa = PBXFileReference; lastKnownFileType = sourcecode.swift; path = SignUpViewController.swift; sourceTree = "<group>"; };
		5A5824A42A5E76A1008C8068 /* SignUpVM.swift */ = {isa = PBXFileReference; lastKnownFileType = sourcecode.swift; path = SignUpVM.swift; sourceTree = "<group>"; };
		5A89308C2A60DABC00BB5AB3 /* AppConfiguration.swift */ = {isa = PBXFileReference; lastKnownFileType = sourcecode.swift; path = AppConfiguration.swift; sourceTree = "<group>"; };
		5A8B8DFA2AC55E0100C8E538 /* FoodDetailTableVC+HeaderTagDetailDelegate.swift */ = {isa = PBXFileReference; lastKnownFileType = sourcecode.swift; path = "FoodDetailTableVC+HeaderTagDetailDelegate.swift"; sourceTree = "<group>"; };
		5A8B8DFC2AC56D0800C8E538 /* ReviewsDetailTable.swift */ = {isa = PBXFileReference; lastKnownFileType = sourcecode.swift; path = ReviewsDetailTable.swift; sourceTree = "<group>"; };
		5A8B8DFE2AC56EEB00C8E538 /* ReviewsDetailTable+UITableViewDelegate.swift */ = {isa = PBXFileReference; lastKnownFileType = sourcecode.swift; path = "ReviewsDetailTable+UITableViewDelegate.swift"; sourceTree = "<group>"; };
		5A8B8E002AC56F0900C8E538 /* ReviewsDetailTable+UITableViewDataSource.swift */ = {isa = PBXFileReference; lastKnownFileType = sourcecode.swift; path = "ReviewsDetailTable+UITableViewDataSource.swift"; sourceTree = "<group>"; };
		5A8B8E022AC570FB00C8E538 /* UserReviewCell.swift */ = {isa = PBXFileReference; lastKnownFileType = sourcecode.swift; path = UserReviewCell.swift; sourceTree = "<group>"; };
		5A8DB6272ACA543400050432 /* UserHeaderMemberCell.swift */ = {isa = PBXFileReference; lastKnownFileType = sourcecode.swift; path = UserHeaderMemberCell.swift; sourceTree = "<group>"; };
		5A8DB62A2ACA546200050432 /* UserProfileViewModel.swift */ = {isa = PBXFileReference; lastKnownFileType = sourcecode.swift; path = UserProfileViewModel.swift; sourceTree = "<group>"; };
		5A8DB62D2ACA55B500050432 /* UserModel.swift */ = {isa = PBXFileReference; lastKnownFileType = sourcecode.swift; path = UserModel.swift; sourceTree = "<group>"; };
		5A8DB62F2ACA55C500050432 /* UserExtraInfoModel.swift */ = {isa = PBXFileReference; lastKnownFileType = sourcecode.swift; path = UserExtraInfoModel.swift; sourceTree = "<group>"; };
		5A8DB6312ACA652900050432 /* UserProfileInfoCell.swift */ = {isa = PBXFileReference; lastKnownFileType = sourcecode.swift; path = UserProfileInfoCell.swift; sourceTree = "<group>"; };
		5A8DB6332ACA657D00050432 /* UserFavorites.swift */ = {isa = PBXFileReference; lastKnownFileType = sourcecode.swift; path = UserFavorites.swift; sourceTree = "<group>"; };
		5A8DB6352ACA659500050432 /* UserVouchersCell.swift */ = {isa = PBXFileReference; lastKnownFileType = sourcecode.swift; path = UserVouchersCell.swift; sourceTree = "<group>"; };
		5A8DB6372ACA6A3D00050432 /* UserProfileTableVC+UITableViewDelegate.swift */ = {isa = PBXFileReference; lastKnownFileType = sourcecode.swift; path = "UserProfileTableVC+UITableViewDelegate.swift"; sourceTree = "<group>"; };
		5A8DB6392ACA6A5F00050432 /* UserProfileTableVC+UITableViewDataSource.swift */ = {isa = PBXFileReference; lastKnownFileType = sourcecode.swift; path = "UserProfileTableVC+UITableViewDataSource.swift"; sourceTree = "<group>"; };
		5A8DB63B2ACA6D9B00050432 /* UserProfileTableVC.swift */ = {isa = PBXFileReference; lastKnownFileType = sourcecode.swift; path = UserProfileTableVC.swift; sourceTree = "<group>"; };
		5A8DB63D2ACAA0F800050432 /* UserFavorites+UITableViewDataSource.swift */ = {isa = PBXFileReference; lastKnownFileType = sourcecode.swift; path = "UserFavorites+UITableViewDataSource.swift"; sourceTree = "<group>"; };
		5A8DB63F2ACAA10E00050432 /* UserFavorites+UITableViewDelegate.swift */ = {isa = PBXFileReference; lastKnownFileType = sourcecode.swift; path = "UserFavorites+UITableViewDelegate.swift"; sourceTree = "<group>"; };
		5A8DB6412ACAA69200050432 /* FavoriteItemCell.swift */ = {isa = PBXFileReference; lastKnownFileType = sourcecode.swift; path = FavoriteItemCell.swift; sourceTree = "<group>"; };
		5A8DB6432ACAC53200050432 /* CartManager.swift */ = {isa = PBXFileReference; lastKnownFileType = sourcecode.swift; path = CartManager.swift; sourceTree = "<group>"; };
		5A8E07B12AC2BB7800A20038 /* FoodDetailTableVC+UITableViewDelegate.swift */ = {isa = PBXFileReference; lastKnownFileType = sourcecode.swift; path = "FoodDetailTableVC+UITableViewDelegate.swift"; sourceTree = "<group>"; };
		5A8E07B32AC2BB8600A20038 /* FoodDetailTableVC+UITableViewDataSource.swift */ = {isa = PBXFileReference; lastKnownFileType = sourcecode.swift; path = "FoodDetailTableVC+UITableViewDataSource.swift"; sourceTree = "<group>"; };
		5A8E07B52AC2C9E800A20038 /* LaterUser.swift */ = {isa = PBXFileReference; lastKnownFileType = sourcecode.swift; path = LaterUser.swift; sourceTree = "<group>"; };
		5A90189D2ACBAF07003D4E1D /* RedBadgeView.swift */ = {isa = PBXFileReference; lastKnownFileType = sourcecode.swift; path = RedBadgeView.swift; sourceTree = "<group>"; };
		5A9018A22ACBDBDF003D4E1D /* MainTabbarViewController+HomeFoodViewControllerDelegate.swift */ = {isa = PBXFileReference; lastKnownFileType = sourcecode.swift; path = "MainTabbarViewController+HomeFoodViewControllerDelegate.swift"; sourceTree = "<group>"; };
		5A9018A42ACBEE63003D4E1D /* CartViewController.swift */ = {isa = PBXFileReference; lastKnownFileType = sourcecode.swift; path = CartViewController.swift; sourceTree = "<group>"; };
		5A9018A62ACBF1ED003D4E1D /* Notification.swift */ = {isa = PBXFileReference; lastKnownFileType = sourcecode.swift; path = Notification.swift; sourceTree = "<group>"; };
		5A96BA822A5E35FA00BEE3D9 /* UserManager.swift */ = {isa = PBXFileReference; lastKnownFileType = sourcecode.swift; path = UserManager.swift; sourceTree = "<group>"; };
		5A9A6E872A5E400E00E61CA5 /* SessionManager.swift */ = {isa = PBXFileReference; lastKnownFileType = sourcecode.swift; path = SessionManager.swift; sourceTree = "<group>"; };
		5A9A6E892A5E416F00E61CA5 /* SignUpManager.swift */ = {isa = PBXFileReference; lastKnownFileType = sourcecode.swift; path = SignUpManager.swift; sourceTree = "<group>"; };
		5A9A6E8B2A5E44E800E61CA5 /* BaseTextField.swift */ = {isa = PBXFileReference; lastKnownFileType = sourcecode.swift; path = BaseTextField.swift; sourceTree = "<group>"; };
		5A9EC24C2AC1321E0075756D /* OnboardingCoordinator.swift */ = {isa = PBXFileReference; lastKnownFileType = sourcecode.swift; path = OnboardingCoordinator.swift; sourceTree = "<group>"; };
		5A9EC24E2AC15E8D0075756D /* AppDelegate+Services.swift */ = {isa = PBXFileReference; fileEncoding = 4; lastKnownFileType = sourcecode.swift; path = "AppDelegate+Services.swift"; sourceTree = "<group>"; };
		5A9EC2512AC1725E0075756D /* FoodDetailVC.swift */ = {isa = PBXFileReference; lastKnownFileType = sourcecode.swift; path = FoodDetailVC.swift; sourceTree = "<group>"; };
		5A9EC2552AC1729C0075756D /* FoodDetailViewModel.swift */ = {isa = PBXFileReference; lastKnownFileType = sourcecode.swift; path = FoodDetailViewModel.swift; sourceTree = "<group>"; };
		5A9EC2582AC172E50075756D /* FoodDetailModel.swift */ = {isa = PBXFileReference; lastKnownFileType = sourcecode.swift; path = FoodDetailModel.swift; sourceTree = "<group>"; };
		5A9EC25A2AC173850075756D /* FoodRatingModel.swift */ = {isa = PBXFileReference; lastKnownFileType = sourcecode.swift; path = FoodRatingModel.swift; sourceTree = "<group>"; };
		5A9EC25C2AC175300075756D /* BaseDetailVC.swift */ = {isa = PBXFileReference; lastKnownFileType = sourcecode.swift; path = BaseDetailVC.swift; sourceTree = "<group>"; };
		5A9F281A2A4AB4D500E478F3 /* FoodFood.app */ = {isa = PBXFileReference; explicitFileType = wrapper.application; includeInIndex = 0; path = FoodFood.app; sourceTree = BUILT_PRODUCTS_DIR; };
		5A9F281D2A4AB4D500E478F3 /* AppDelegate.swift */ = {isa = PBXFileReference; lastKnownFileType = sourcecode.swift; path = AppDelegate.swift; sourceTree = "<group>"; };
		5A9F28262A4AB4D800E478F3 /* Assets.xcassets */ = {isa = PBXFileReference; lastKnownFileType = folder.assetcatalog; path = Assets.xcassets; sourceTree = "<group>"; };
		5A9F28292A4AB4D800E478F3 /* Base */ = {isa = PBXFileReference; lastKnownFileType = file.storyboard; name = Base; path = Base.lproj/LaunchScreen.storyboard; sourceTree = "<group>"; };
		5A9F282B2A4AB4D800E478F3 /* Info.plist */ = {isa = PBXFileReference; lastKnownFileType = text.plist.xml; path = Info.plist; sourceTree = "<group>"; };
		5A9FCFEB2A64CF7B00F03DD8 /* HomeBaseViewController.swift */ = {isa = PBXFileReference; lastKnownFileType = sourcecode.swift; path = HomeBaseViewController.swift; sourceTree = "<group>"; };
		5A9FCFED2A64EC7A00F03DD8 /* PopularItemsCollection.swift */ = {isa = PBXFileReference; lastKnownFileType = sourcecode.swift; path = PopularItemsCollection.swift; sourceTree = "<group>"; };
		5A9FCFF12A64EEF600F03DD8 /* BaseFoodModel.swift */ = {isa = PBXFileReference; lastKnownFileType = sourcecode.swift; path = BaseFoodModel.swift; sourceTree = "<group>"; };
		5A9FCFF52A64F24500F03DD8 /* PopularMenuCell.swift */ = {isa = PBXFileReference; lastKnownFileType = sourcecode.swift; path = PopularMenuCell.swift; sourceTree = "<group>"; };
		5AA251982A53B6EB000090C5 /* BaseViewController.swift */ = {isa = PBXFileReference; fileEncoding = 4; lastKnownFileType = sourcecode.swift; path = BaseViewController.swift; sourceTree = "<group>"; };
		5AA2519B2A53B72C000090C5 /* HomeFoodController.swift */ = {isa = PBXFileReference; fileEncoding = 4; lastKnownFileType = sourcecode.swift; path = HomeFoodController.swift; sourceTree = "<group>"; };
		5AA2519D2A53B72C000090C5 /* GlobalFunc.swift */ = {isa = PBXFileReference; fileEncoding = 4; lastKnownFileType = sourcecode.swift; path = GlobalFunc.swift; sourceTree = "<group>"; };
		5AA2519E2A53B72C000090C5 /* GlobalImports.swift */ = {isa = PBXFileReference; fileEncoding = 4; lastKnownFileType = sourcecode.swift; path = GlobalImports.swift; sourceTree = "<group>"; };
		5AA2519F2A53B72C000090C5 /* UIFont+Utility.swift */ = {isa = PBXFileReference; fileEncoding = 4; lastKnownFileType = sourcecode.swift; path = "UIFont+Utility.swift"; sourceTree = "<group>"; };
		5AA251A02A53B72C000090C5 /* ABLength.swift */ = {isa = PBXFileReference; fileEncoding = 4; lastKnownFileType = sourcecode.swift; path = ABLength.swift; sourceTree = "<group>"; };
		5AA251A22A53B72C000090C5 /* String+Utility.swift */ = {isa = PBXFileReference; fileEncoding = 4; lastKnownFileType = sourcecode.swift; path = "String+Utility.swift"; sourceTree = "<group>"; };
		5AA251A32A53B72C000090C5 /* UINavigationController+Utility.swift */ = {isa = PBXFileReference; fileEncoding = 4; lastKnownFileType = sourcecode.swift; path = "UINavigationController+Utility.swift"; sourceTree = "<group>"; };
		5AA251A42A53B72C000090C5 /* DayNightMode.swift */ = {isa = PBXFileReference; fileEncoding = 4; lastKnownFileType = sourcecode.swift; path = DayNightMode.swift; sourceTree = "<group>"; };
		5AA251AE2A53BDD1000090C5 /* LogInViewController.swift */ = {isa = PBXFileReference; lastKnownFileType = sourcecode.swift; path = LogInViewController.swift; sourceTree = "<group>"; };
		5AA251B02A53BE5D000090C5 /* UIImageView+Utility.swift */ = {isa = PBXFileReference; lastKnownFileType = sourcecode.swift; path = "UIImageView+Utility.swift"; sourceTree = "<group>"; };
		5AA251B42A53C3BE000090C5 /* AppManager.swift */ = {isa = PBXFileReference; lastKnownFileType = sourcecode.swift; path = AppManager.swift; sourceTree = "<group>"; };
		5AA2FD872AC3F11900997DD1 /* UserProfileVC.swift */ = {isa = PBXFileReference; lastKnownFileType = sourcecode.swift; path = UserProfileVC.swift; sourceTree = "<group>"; };
		5AA2FD892AC4206A00997DD1 /* FoodDetailTableVC.swift */ = {isa = PBXFileReference; lastKnownFileType = sourcecode.swift; path = FoodDetailTableVC.swift; sourceTree = "<group>"; };
		5AA2FD8D2AC4304200997DD1 /* HeaderTagDetailCell.swift */ = {isa = PBXFileReference; lastKnownFileType = sourcecode.swift; path = HeaderTagDetailCell.swift; sourceTree = "<group>"; };
		5AA2FD8F2AC435B900997DD1 /* DetailInfoCell.swift */ = {isa = PBXFileReference; lastKnownFileType = sourcecode.swift; path = DetailInfoCell.swift; sourceTree = "<group>"; };
		5ABA5D5D2AB1912F000DEC06 /* OnboardingViewController.swift */ = {isa = PBXFileReference; lastKnownFileType = sourcecode.swift; path = OnboardingViewController.swift; sourceTree = "<group>"; };
		5ABA5D602AB19145000DEC06 /* OnboardingModel.swift */ = {isa = PBXFileReference; lastKnownFileType = sourcecode.swift; path = OnboardingModel.swift; sourceTree = "<group>"; };
		5AF4AF662AB0025800ABC5B9 /* FilterSearchVC+FilterSearchVMDelegate.swift */ = {isa = PBXFileReference; lastKnownFileType = sourcecode.swift; path = "FilterSearchVC+FilterSearchVMDelegate.swift"; sourceTree = "<group>"; };
		5AF4AF682AB0046300ABC5B9 /* HomeFoodController+FilterSearchViewControllerDelegate.swift */ = {isa = PBXFileReference; lastKnownFileType = sourcecode.swift; path = "HomeFoodController+FilterSearchViewControllerDelegate.swift"; sourceTree = "<group>"; };
		5AF4AF6A2AB00A2200ABC5B9 /* FilterSearchVC+FiltersCollectionDelegate.swift */ = {isa = PBXFileReference; lastKnownFileType = sourcecode.swift; path = "FilterSearchVC+FiltersCollectionDelegate.swift"; sourceTree = "<group>"; };
		5AF4AF6E2AB03CF700ABC5B9 /* ChatsViewController.swift */ = {isa = PBXFileReference; lastKnownFileType = sourcecode.swift; path = ChatsViewController.swift; sourceTree = "<group>"; };
		5AF4AF702AB03EBB00ABC5B9 /* ChatsViewController+UITableViewDataSource.swift */ = {isa = PBXFileReference; lastKnownFileType = sourcecode.swift; path = "ChatsViewController+UITableViewDataSource.swift"; sourceTree = "<group>"; };
		5AF4AF722AB0403100ABC5B9 /* ChatsViewController+UITableViewDelegate.swift */ = {isa = PBXFileReference; lastKnownFileType = sourcecode.swift; path = "ChatsViewController+UITableViewDelegate.swift"; sourceTree = "<group>"; };
		5AF4AF752AB040A500ABC5B9 /* ChatPersonCell.swift */ = {isa = PBXFileReference; lastKnownFileType = sourcecode.swift; path = ChatPersonCell.swift; sourceTree = "<group>"; };
		5AF713252A613BF100EFBE3D /* HomeTopAdsCell.swift */ = {isa = PBXFileReference; lastKnownFileType = sourcecode.swift; path = HomeTopAdsCell.swift; sourceTree = "<group>"; };
		5AF713272A6140B700EFBE3D /* NearRestaurantCollection.swift */ = {isa = PBXFileReference; lastKnownFileType = sourcecode.swift; path = NearRestaurantCollection.swift; sourceTree = "<group>"; };
		5AF713292A61452200EFBE3D /* NearRestoCell.swift */ = {isa = PBXFileReference; lastKnownFileType = sourcecode.swift; path = NearRestoCell.swift; sourceTree = "<group>"; };
		5AF7132B2A61460D00EFBE3D /* RestaurantModel.swift */ = {isa = PBXFileReference; lastKnownFileType = sourcecode.swift; path = RestaurantModel.swift; sourceTree = "<group>"; };
		9A5B1F00D2C7972B3441007E /* Pods-FoodFood.release.xcconfig */ = {isa = PBXFileReference; includeInIndex = 1; lastKnownFileType = text.xcconfig; name = "Pods-FoodFood.release.xcconfig"; path = "Target Support Files/Pods-FoodFood/Pods-FoodFood.release.xcconfig"; sourceTree = "<group>"; };
		CBAB9E05D389781F782C1427 /* Pods_FoodFood.framework */ = {isa = PBXFileReference; explicitFileType = wrapper.framework; includeInIndex = 0; path = Pods_FoodFood.framework; sourceTree = BUILT_PRODUCTS_DIR; };
/* End PBXFileReference section */

/* Begin PBXFrameworksBuildPhase section */
		5A9F28172A4AB4D500E478F3 /* Frameworks */ = {
			isa = PBXFrameworksBuildPhase;
			buildActionMask = 2147483647;
			files = (
				B1EF5D8826A88E9F149513AE /* Pods_FoodFood.framework in Frameworks */,
			);
			runOnlyForDeploymentPostprocessing = 0;
		};
/* End PBXFrameworksBuildPhase section */

/* Begin PBXGroup section */
		0A9BC17503346A042B053BBD /* Frameworks */ = {
			isa = PBXGroup;
			children = (
				CBAB9E05D389781F782C1427 /* Pods_FoodFood.framework */,
			);
			name = Frameworks;
			sourceTree = "<group>";
		};
		1AB41AD2178BFDE0A72E1113 /* Pods */ = {
			isa = PBXGroup;
			children = (
				3E9C77996E69785745FFC851 /* Pods-FoodFood.debug.xcconfig */,
				9A5B1F00D2C7972B3441007E /* Pods-FoodFood.release.xcconfig */,
			);
			path = Pods;
			sourceTree = "<group>";
		};
		5A0E944B2A60F76700C6F1EC /* MainTabbar */ = {
			isa = PBXGroup;
			children = (
				5A9018A12ACBDBC3003D4E1D /* ViewController */,
				5A3F992F2AAED92E006BE4D3 /* View */,
			);
			path = MainTabbar;
			sourceTree = "<group>";
		};
		5A0E944C2A60F79900C6F1EC /* Home */ = {
			isa = PBXGroup;
			children = (
				5A3F99302AAEDCBC006BE4D3 /* ViewController */,
				5A0E94592A6130A900C6F1EC /* Model */,
				5A0E94562A612E5600C6F1EC /* ViewModel */,
				5A0E944F2A61056E00C6F1EC /* View */,
			);
			path = Home;
			sourceTree = "<group>";
		};
		5A0E944F2A61056E00C6F1EC /* View */ = {
			isa = PBXGroup;
			children = (
				5A9FCFF42A64F22100F03DD8 /* PopularMenu */,
				5A9FCFF32A64F20F00F03DD8 /* NearestRestaurant */,
				5A0E945C2A6131CC00C6F1EC /* AdsPagerView.swift */,
				5AF713252A613BF100EFBE3D /* HomeTopAdsCell.swift */,
				5A3F99352AAEDE4E006BE4D3 /* SearchFoodField.swift */,
			);
			path = View;
			sourceTree = "<group>";
		};
		5A0E94562A612E5600C6F1EC /* ViewModel */ = {
			isa = PBXGroup;
			children = (
				5A0E94572A612E7600C6F1EC /* HomeFoodViewModel.swift */,
			);
			path = ViewModel;
			sourceTree = "<group>";
		};
		5A0E94592A6130A900C6F1EC /* Model */ = {
			isa = PBXGroup;
			children = (
				5A0E945A2A6130B900C6F1EC /* HomeTopAdModel.swift */,
				5AF7132B2A61460D00EFBE3D /* RestaurantModel.swift */,
				5A9FCFF12A64EEF600F03DD8 /* BaseFoodModel.swift */,
				5A24C7932AC6971A00056451 /* BaseFoodFactory.swift */,
			);
			path = Model;
			sourceTree = "<group>";
		};
		5A3F992F2AAED92E006BE4D3 /* View */ = {
			isa = PBXGroup;
			children = (
				5A90189D2ACBAF07003D4E1D /* RedBadgeView.swift */,
			);
			path = View;
			sourceTree = "<group>";
		};
		5A3F99302AAEDCBC006BE4D3 /* ViewController */ = {
			isa = PBXGroup;
			children = (
				5AA2519B2A53B72C000090C5 /* HomeFoodController.swift */,
				5A3F992B2AAEB73D006BE4D3 /* HomeFoodController+UITableViewDataSource.swift */,
				5A3F99292AAEB71B006BE4D3 /* HomeFoodController+UITableViewDelegate.swift */,
				5A9FCFEB2A64CF7B00F03DD8 /* HomeBaseViewController.swift */,
				5AF4AF682AB0046300ABC5B9 /* HomeFoodController+FilterSearchViewControllerDelegate.swift */,
			);
			path = ViewController;
			sourceTree = "<group>";
		};
		5A3F99312AAEDCE7006BE4D3 /* Filter */ = {
			isa = PBXGroup;
			children = (
				5A3F99482AAEF222006BE4D3 /* ViewModel */,
				5A3F993B2AAEE1B8006BE4D3 /* Model */,
				5A3F99382AAEE139006BE4D3 /* View */,
				5A3F99372AAEE0D9006BE4D3 /* ViewController */,
			);
			path = Filter;
			sourceTree = "<group>";
		};
		5A3F99372AAEE0D9006BE4D3 /* ViewController */ = {
			isa = PBXGroup;
			children = (
				5A3F99332AAEDDAC006BE4D3 /* FilterSearchVC.swift */,
				5A3F99442AAEF181006BE4D3 /* FilterSearchVC+UITableViewDataSource.swift */,
				5A3F99462AAEF195006BE4D3 /* FilterSearchVC+UITableViewDelegate.swift */,
				5AF4AF662AB0025800ABC5B9 /* FilterSearchVC+FilterSearchVMDelegate.swift */,
				5AF4AF6A2AB00A2200ABC5B9 /* FilterSearchVC+FiltersCollectionDelegate.swift */,
			);
			path = ViewController;
			sourceTree = "<group>";
		};
		5A3F99382AAEE139006BE4D3 /* View */ = {
			isa = PBXGroup;
			children = (
				5A3F99392AAEE16F006BE4D3 /* FiltersCollection.swift */,
				5A3F993E2AAEE7B8006BE4D3 /* FiltersCollection+UICollectionViewDelegate.swift */,
				5A3F99402AAEE7C9006BE4D3 /* FiltersCollection+UICollectionViewDataSource.swift */,
				5A3F99422AAEEB0F006BE4D3 /* FilterCollectionCell.swift */,
			);
			path = View;
			sourceTree = "<group>";
		};
		5A3F993B2AAEE1B8006BE4D3 /* Model */ = {
			isa = PBXGroup;
			children = (
				5A3F993C2AAEE1CE006BE4D3 /* FilterModel.swift */,
			);
			path = Model;
			sourceTree = "<group>";
		};
		5A3F99482AAEF222006BE4D3 /* ViewModel */ = {
			isa = PBXGroup;
			children = (
				5A3F99492AAEF238006BE4D3 /* FilterSearchVM.swift */,
			);
			path = ViewModel;
			sourceTree = "<group>";
		};
		5A58249B2A5E615B008C8068 /* View */ = {
			isa = PBXGroup;
			children = (
				5AA251AE2A53BDD1000090C5 /* LogInViewController.swift */,
			);
			path = View;
			sourceTree = "<group>";
		};
		5A58249C2A5E616C008C8068 /* ViewModel */ = {
			isa = PBXGroup;
			children = (
				5A58249D2A5E6179008C8068 /* LoginVM.swift */,
			);
			path = ViewModel;
			sourceTree = "<group>";
		};
		5A58249F2A5E7665008C8068 /* SignUp */ = {
			isa = PBXGroup;
			children = (
				5A5824A12A5E767C008C8068 /* ViewModel */,
				5A5824A02A5E7678008C8068 /* View */,
			);
			path = SignUp;
			sourceTree = "<group>";
		};
		5A5824A02A5E7678008C8068 /* View */ = {
			isa = PBXGroup;
			children = (
				5A5824A22A5E7690008C8068 /* SignUpViewController.swift */,
			);
			path = View;
			sourceTree = "<group>";
		};
		5A5824A12A5E767C008C8068 /* ViewModel */ = {
			isa = PBXGroup;
			children = (
				5A5824A42A5E76A1008C8068 /* SignUpVM.swift */,
			);
			path = ViewModel;
			sourceTree = "<group>";
		};
		5A8B8DF92AC52EDF00C8E538 /* Data */ = {
			isa = PBXGroup;
			children = (
			);
			path = Data;
			sourceTree = "<group>";
		};
		5A8DB6262ACA541E00050432 /* View */ = {
			isa = PBXGroup;
			children = (
				5A8DB6272ACA543400050432 /* UserHeaderMemberCell.swift */,
				5A8DB6312ACA652900050432 /* UserProfileInfoCell.swift */,
				5A8DB6352ACA659500050432 /* UserVouchersCell.swift */,
				5A8DB6332ACA657D00050432 /* UserFavorites.swift */,
				5A8DB63D2ACAA0F800050432 /* UserFavorites+UITableViewDataSource.swift */,
				5A8DB63F2ACAA10E00050432 /* UserFavorites+UITableViewDelegate.swift */,
				5A8DB6412ACAA69200050432 /* FavoriteItemCell.swift */,
			);
			path = View;
			sourceTree = "<group>";
		};
		5A8DB6292ACA544600050432 /* ViewModel */ = {
			isa = PBXGroup;
			children = (
				5A8DB62A2ACA546200050432 /* UserProfileViewModel.swift */,
			);
			path = ViewModel;
			sourceTree = "<group>";
		};
		5A8DB62C2ACA55A600050432 /* Model */ = {
			isa = PBXGroup;
			children = (
				5A8DB62D2ACA55B500050432 /* UserModel.swift */,
				5A8DB62F2ACA55C500050432 /* UserExtraInfoModel.swift */,
			);
			path = Model;
			sourceTree = "<group>";
		};
		5A90189F2ACBD9FE003D4E1D /* Cart */ = {
			isa = PBXGroup;
			children = (
				5A9018A02ACBDA06003D4E1D /* ViewController */,
			);
			path = Cart;
			sourceTree = "<group>";
		};
		5A9018A02ACBDA06003D4E1D /* ViewController */ = {
			isa = PBXGroup;
			children = (
				5A9018A42ACBEE63003D4E1D /* CartViewController.swift */,
			);
			path = ViewController;
			sourceTree = "<group>";
		};
		5A9018A12ACBDBC3003D4E1D /* ViewController */ = {
			isa = PBXGroup;
			children = (
				5A0E944D2A60F7D900C6F1EC /* MainTabbarViewController.swift */,
				5A3F992D2AAEBA19006BE4D3 /* PlaceHolderVIewController.swift */,
				5A9018A22ACBDBDF003D4E1D /* MainTabbarViewController+HomeFoodViewControllerDelegate.swift */,
			);
			path = ViewController;
			sourceTree = "<group>";
		};
		5A9EC2502AC1723C0075756D /* FoodDetail */ = {
			isa = PBXGroup;
			children = (
				5AA2FD8C2AC4301C00997DD1 /* View */,
				5A9EC2572AC172D60075756D /* Model */,
				5A9EC2542AC172790075756D /* ViewModel */,
				5A9EC2532AC1726B0075756D /* ViewController */,
			);
			path = FoodDetail;
			sourceTree = "<group>";
		};
		5A9EC2532AC1726B0075756D /* ViewController */ = {
			isa = PBXGroup;
			children = (
				5A9EC2512AC1725E0075756D /* FoodDetailVC.swift */,
				5AA2FD892AC4206A00997DD1 /* FoodDetailTableVC.swift */,
				5A8E07B32AC2BB8600A20038 /* FoodDetailTableVC+UITableViewDataSource.swift */,
				5A8E07B12AC2BB7800A20038 /* FoodDetailTableVC+UITableViewDelegate.swift */,
				5A8B8DFA2AC55E0100C8E538 /* FoodDetailTableVC+HeaderTagDetailDelegate.swift */,
			);
			path = ViewController;
			sourceTree = "<group>";
		};
		5A9EC2542AC172790075756D /* ViewModel */ = {
			isa = PBXGroup;
			children = (
				5A9EC2552AC1729C0075756D /* FoodDetailViewModel.swift */,
			);
			path = ViewModel;
			sourceTree = "<group>";
		};
		5A9EC2572AC172D60075756D /* Model */ = {
			isa = PBXGroup;
			children = (
				5A9EC2582AC172E50075756D /* FoodDetailModel.swift */,
				5A9EC25A2AC173850075756D /* FoodRatingModel.swift */,
			);
			path = Model;
			sourceTree = "<group>";
		};
		5A9F28112A4AB4D400E478F3 = {
			isa = PBXGroup;
			children = (
				5A9F281C2A4AB4D500E478F3 /* FoodFood */,
				5A9F281B2A4AB4D500E478F3 /* Products */,
				1AB41AD2178BFDE0A72E1113 /* Pods */,
				0A9BC17503346A042B053BBD /* Frameworks */,
			);
			sourceTree = "<group>";
		};
		5A9F281B2A4AB4D500E478F3 /* Products */ = {
			isa = PBXGroup;
			children = (
				5A9F281A2A4AB4D500E478F3 /* FoodFood.app */,
			);
			name = Products;
			sourceTree = "<group>";
		};
		5A9F281C2A4AB4D500E478F3 /* FoodFood */ = {
			isa = PBXGroup;
			children = (
				5A9F281D2A4AB4D500E478F3 /* AppDelegate.swift */,
				5A9EC24E2AC15E8D0075756D /* AppDelegate+Services.swift */,
				5A89308C2A60DABC00BB5AB3 /* AppConfiguration.swift */,
				5AA251B32A53C3B3000090C5 /* Managers */,
				5AA2519C2A53B72C000090C5 /* Global */,
				5AA2519A2A53B72C000090C5 /* Screens */,
				5AA251A12A53B72C000090C5 /* Utilities */,
				5AA251972A53B6EB000090C5 /* Base */,
				5A8B8DF92AC52EDF00C8E538 /* Data */,
				5A9F28262A4AB4D800E478F3 /* Assets.xcassets */,
				5A9F28282A4AB4D800E478F3 /* LaunchScreen.storyboard */,
				5A9F282B2A4AB4D800E478F3 /* Info.plist */,
			);
			path = FoodFood;
			sourceTree = "<group>";
		};
		5A9FCFF32A64F20F00F03DD8 /* NearestRestaurant */ = {
			isa = PBXGroup;
			children = (
				5AF713272A6140B700EFBE3D /* NearRestaurantCollection.swift */,
				5AF713292A61452200EFBE3D /* NearRestoCell.swift */,
			);
			path = NearestRestaurant;
			sourceTree = "<group>";
		};
		5A9FCFF42A64F22100F03DD8 /* PopularMenu */ = {
			isa = PBXGroup;
			children = (
				5A9FCFF52A64F24500F03DD8 /* PopularMenuCell.swift */,
				5A9FCFED2A64EC7A00F03DD8 /* PopularItemsCollection.swift */,
				5A3F99252AAEB671006BE4D3 /* PopularItemsCollection+UICollectionViewDataSource.swift */,
				5A3F99272AAEB69D006BE4D3 /* PopularItemsCollection+UICollectionViewDelegate.swift */,
			);
			path = PopularMenu;
			sourceTree = "<group>";
		};
		5AA251972A53B6EB000090C5 /* Base */ = {
			isa = PBXGroup;
			children = (
				5AA251982A53B6EB000090C5 /* BaseViewController.swift */,
				5A9A6E8B2A5E44E800E61CA5 /* BaseTextField.swift */,
				5A0E94492A60E4D200C6F1EC /* CustomNavBar.swift */,
			);
			path = Base;
			sourceTree = "<group>";
		};
		5AA2519A2A53B72C000090C5 /* Screens */ = {
			isa = PBXGroup;
			children = (
				5A90189F2ACBD9FE003D4E1D /* Cart */,
				5AA2FD8B2AC4213800997DD1 /* Base */,
				5AA2FD852AC3F0F800997DD1 /* UserProfile */,
				5A9EC2502AC1723C0075756D /* FoodDetail */,
				5ABA5D5B2AB19100000DEC06 /* Onboarding */,
				5AF4AF6C2AB03CAA00ABC5B9 /* Chat */,
				5A0E944B2A60F76700C6F1EC /* MainTabbar */,
				5A0E944C2A60F79900C6F1EC /* Home */,
				5A3F99312AAEDCE7006BE4D3 /* Filter */,
				5A58249F2A5E7665008C8068 /* SignUp */,
				5AA251AD2A53BD9E000090C5 /* LogIn */,
			);
			path = Screens;
			sourceTree = "<group>";
		};
		5AA2519C2A53B72C000090C5 /* Global */ = {
			isa = PBXGroup;
			children = (
				5AA2519D2A53B72C000090C5 /* GlobalFunc.swift */,
				5AA2519E2A53B72C000090C5 /* GlobalImports.swift */,
				5AA251A02A53B72C000090C5 /* ABLength.swift */,
				5A8E07B52AC2C9E800A20038 /* LaterUser.swift */,
				5A9018A62ACBF1ED003D4E1D /* Notification.swift */,
			);
			path = Global;
			sourceTree = "<group>";
		};
		5AA251A12A53B72C000090C5 /* Utilities */ = {
			isa = PBXGroup;
			children = (
				5AA251B22A53BE66000090C5 /* UI */,
				5AA251A22A53B72C000090C5 /* String+Utility.swift */,
				5AA251A42A53B72C000090C5 /* DayNightMode.swift */,
			);
			path = Utilities;
			sourceTree = "<group>";
		};
		5AA251AD2A53BD9E000090C5 /* LogIn */ = {
			isa = PBXGroup;
			children = (
				5A58249C2A5E616C008C8068 /* ViewModel */,
				5A58249B2A5E615B008C8068 /* View */,
			);
			path = LogIn;
			sourceTree = "<group>";
		};
		5AA251B22A53BE66000090C5 /* UI */ = {
			isa = PBXGroup;
			children = (
				5AA2519F2A53B72C000090C5 /* UIFont+Utility.swift */,
				5AA251A32A53B72C000090C5 /* UINavigationController+Utility.swift */,
				5AA251B02A53BE5D000090C5 /* UIImageView+Utility.swift */,
				5A0E94522A611BFE00C6F1EC /* UIColor+Utility.swift */,
			);
			path = UI;
			sourceTree = "<group>";
		};
		5AA251B32A53C3B3000090C5 /* Managers */ = {
			isa = PBXGroup;
			children = (
				5AA251B42A53C3BE000090C5 /* AppManager.swift */,
				5A96BA822A5E35FA00BEE3D9 /* UserManager.swift */,
				5A9A6E872A5E400E00E61CA5 /* SessionManager.swift */,
				5A9A6E892A5E416F00E61CA5 /* SignUpManager.swift */,
				5A8DB6432ACAC53200050432 /* CartManager.swift */,
			);
			path = Managers;
			sourceTree = "<group>";
		};
		5AA2FD852AC3F0F800997DD1 /* UserProfile */ = {
			isa = PBXGroup;
			children = (
				5A8DB62C2ACA55A600050432 /* Model */,
				5A8DB6292ACA544600050432 /* ViewModel */,
				5A8DB6262ACA541E00050432 /* View */,
				5AA2FD862AC3F0FE00997DD1 /* ViewController */,
			);
			path = UserProfile;
			sourceTree = "<group>";
		};
		5AA2FD862AC3F0FE00997DD1 /* ViewController */ = {
			isa = PBXGroup;
			children = (
				5AA2FD872AC3F11900997DD1 /* UserProfileVC.swift */,
				5A8DB6372ACA6A3D00050432 /* UserProfileTableVC+UITableViewDelegate.swift */,
				5A8DB6392ACA6A5F00050432 /* UserProfileTableVC+UITableViewDataSource.swift */,
				5A8DB63B2ACA6D9B00050432 /* UserProfileTableVC.swift */,
			);
			path = ViewController;
			sourceTree = "<group>";
		};
		5AA2FD8B2AC4213800997DD1 /* Base */ = {
			isa = PBXGroup;
			children = (
				5A9EC25C2AC175300075756D /* BaseDetailVC.swift */,
			);
			path = Base;
			sourceTree = "<group>";
		};
		5AA2FD8C2AC4301C00997DD1 /* View */ = {
			isa = PBXGroup;
			children = (
				5AA2FD8D2AC4304200997DD1 /* HeaderTagDetailCell.swift */,
				5AA2FD8F2AC435B900997DD1 /* DetailInfoCell.swift */,
				5A8B8DFC2AC56D0800C8E538 /* ReviewsDetailTable.swift */,
				5A8B8DFE2AC56EEB00C8E538 /* ReviewsDetailTable+UITableViewDelegate.swift */,
				5A8B8E002AC56F0900C8E538 /* ReviewsDetailTable+UITableViewDataSource.swift */,
				5A8B8E022AC570FB00C8E538 /* UserReviewCell.swift */,
			);
			path = View;
			sourceTree = "<group>";
		};
		5ABA5D5B2AB19100000DEC06 /* Onboarding */ = {
			isa = PBXGroup;
			children = (
				5ABA5D5F2AB19134000DEC06 /* Model */,
				5ABA5D5C2AB19108000DEC06 /* ViewController */,
				5A9EC24C2AC1321E0075756D /* OnboardingCoordinator.swift */,
			);
			path = Onboarding;
			sourceTree = "<group>";
		};
		5ABA5D5C2AB19108000DEC06 /* ViewController */ = {
			isa = PBXGroup;
			children = (
				5ABA5D5D2AB1912F000DEC06 /* OnboardingViewController.swift */,
			);
			path = ViewController;
			sourceTree = "<group>";
		};
		5ABA5D5F2AB19134000DEC06 /* Model */ = {
			isa = PBXGroup;
			children = (
				5ABA5D602AB19145000DEC06 /* OnboardingModel.swift */,
			);
			path = Model;
			sourceTree = "<group>";
		};
		5AF4AF6C2AB03CAA00ABC5B9 /* Chat */ = {
			isa = PBXGroup;
			children = (
				5AF4AF742AB0408500ABC5B9 /* VIew */,
				5AF4AF6D2AB03CAF00ABC5B9 /* ViewController */,
			);
			path = Chat;
			sourceTree = "<group>";
		};
		5AF4AF6D2AB03CAF00ABC5B9 /* ViewController */ = {
			isa = PBXGroup;
			children = (
				5AF4AF6E2AB03CF700ABC5B9 /* ChatsViewController.swift */,
				5AF4AF702AB03EBB00ABC5B9 /* ChatsViewController+UITableViewDataSource.swift */,
				5AF4AF722AB0403100ABC5B9 /* ChatsViewController+UITableViewDelegate.swift */,
				5A3647972AB057EB0056C2C7 /* ChatDetailViewController.swift */,
			);
			path = ViewController;
			sourceTree = "<group>";
		};
		5AF4AF742AB0408500ABC5B9 /* VIew */ = {
			isa = PBXGroup;
			children = (
				5AF4AF752AB040A500ABC5B9 /* ChatPersonCell.swift */,
				5A3647992AB058300056C2C7 /* ChatDetailHeaderView.swift */,
			);
			path = VIew;
			sourceTree = "<group>";
		};
/* End PBXGroup section */

/* Begin PBXNativeTarget section */
		5A9F28192A4AB4D500E478F3 /* FoodFood */ = {
			isa = PBXNativeTarget;
			buildConfigurationList = 5A9F282E2A4AB4D800E478F3 /* Build configuration list for PBXNativeTarget "FoodFood" */;
			buildPhases = (
				CBD5EAB04DABB9FE0A7471DF /* [CP] Check Pods Manifest.lock */,
				5A9F28162A4AB4D500E478F3 /* Sources */,
				5A9F28172A4AB4D500E478F3 /* Frameworks */,
				5A9F28182A4AB4D500E478F3 /* Resources */,
				2D0C418672AF8603412BEEF6 /* [CP] Embed Pods Frameworks */,
			);
			buildRules = (
			);
			dependencies = (
			);
			name = FoodFood;
			productName = FoodFood;
			productReference = 5A9F281A2A4AB4D500E478F3 /* FoodFood.app */;
			productType = "com.apple.product-type.application";
		};
/* End PBXNativeTarget section */

/* Begin PBXProject section */
		5A9F28122A4AB4D400E478F3 /* Project object */ = {
			isa = PBXProject;
			attributes = {
				BuildIndependentTargetsInParallel = 1;
				LastSwiftUpdateCheck = 1410;
				LastUpgradeCheck = 1410;
				TargetAttributes = {
					5A9F28192A4AB4D500E478F3 = {
						CreatedOnToolsVersion = 14.1;
					};
				};
			};
			buildConfigurationList = 5A9F28152A4AB4D400E478F3 /* Build configuration list for PBXProject "FoodFood" */;
			compatibilityVersion = "Xcode 14.0";
			developmentRegion = en;
			hasScannedForEncodings = 0;
			knownRegions = (
				en,
				Base,
			);
			mainGroup = 5A9F28112A4AB4D400E478F3;
			productRefGroup = 5A9F281B2A4AB4D500E478F3 /* Products */;
			projectDirPath = "";
			projectRoot = "";
			targets = (
				5A9F28192A4AB4D500E478F3 /* FoodFood */,
			);
		};
/* End PBXProject section */

/* Begin PBXResourcesBuildPhase section */
		5A9F28182A4AB4D500E478F3 /* Resources */ = {
			isa = PBXResourcesBuildPhase;
			buildActionMask = 2147483647;
			files = (
				5A9F28272A4AB4D800E478F3 /* Assets.xcassets in Resources */,
			);
			runOnlyForDeploymentPostprocessing = 0;
		};
/* End PBXResourcesBuildPhase section */

/* Begin PBXShellScriptBuildPhase section */
		2D0C418672AF8603412BEEF6 /* [CP] Embed Pods Frameworks */ = {
			isa = PBXShellScriptBuildPhase;
			buildActionMask = 2147483647;
			files = (
			);
			inputFileListPaths = (
				"${PODS_ROOT}/Target Support Files/Pods-FoodFood/Pods-FoodFood-frameworks-${CONFIGURATION}-input-files.xcfilelist",
			);
			name = "[CP] Embed Pods Frameworks";
			outputFileListPaths = (
				"${PODS_ROOT}/Target Support Files/Pods-FoodFood/Pods-FoodFood-frameworks-${CONFIGURATION}-output-files.xcfilelist",
			);
			runOnlyForDeploymentPostprocessing = 0;
			shellPath = /bin/sh;
			shellScript = "\"${PODS_ROOT}/Target Support Files/Pods-FoodFood/Pods-FoodFood-frameworks.sh\"\n";
			showEnvVarsInLog = 0;
		};
		CBD5EAB04DABB9FE0A7471DF /* [CP] Check Pods Manifest.lock */ = {
			isa = PBXShellScriptBuildPhase;
			buildActionMask = 2147483647;
			files = (
			);
			inputFileListPaths = (
			);
			inputPaths = (
				"${PODS_PODFILE_DIR_PATH}/Podfile.lock",
				"${PODS_ROOT}/Manifest.lock",
			);
			name = "[CP] Check Pods Manifest.lock";
			outputFileListPaths = (
			);
			outputPaths = (
				"$(DERIVED_FILE_DIR)/Pods-FoodFood-checkManifestLockResult.txt",
			);
			runOnlyForDeploymentPostprocessing = 0;
			shellPath = /bin/sh;
			shellScript = "diff \"${PODS_PODFILE_DIR_PATH}/Podfile.lock\" \"${PODS_ROOT}/Manifest.lock\" > /dev/null\nif [ $? != 0 ] ; then\n    # print error to STDERR\n    echo \"error: The sandbox is not in sync with the Podfile.lock. Run 'pod install' or update your CocoaPods installation.\" >&2\n    exit 1\nfi\n# This output is used by Xcode 'outputs' to avoid re-running this script phase.\necho \"SUCCESS\" > \"${SCRIPT_OUTPUT_FILE_0}\"\n";
			showEnvVarsInLog = 0;
		};
/* End PBXShellScriptBuildPhase section */

/* Begin PBXSourcesBuildPhase section */
		5A9F28162A4AB4D500E478F3 /* Sources */ = {
			isa = PBXSourcesBuildPhase;
			buildActionMask = 2147483647;
			files = (
				5A8E07B22AC2BB7800A20038 /* FoodDetailTableVC+UITableViewDelegate.swift in Sources */,
				5A8DB6422ACAA69200050432 /* FavoriteItemCell.swift in Sources */,
				5A9018A52ACBEE63003D4E1D /* CartViewController.swift in Sources */,
				5AF713262A613BF100EFBE3D /* HomeTopAdsCell.swift in Sources */,
				5A3F992E2AAEBA19006BE4D3 /* PlaceHolderVIewController.swift in Sources */,
				5A9A6E882A5E400E00E61CA5 /* SessionManager.swift in Sources */,
				5ABA5D5E2AB1912F000DEC06 /* OnboardingViewController.swift in Sources */,
				5AF4AF672AB0025800ABC5B9 /* FilterSearchVC+FilterSearchVMDelegate.swift in Sources */,
				5A0E94532A611BFE00C6F1EC /* UIColor+Utility.swift in Sources */,
				5A9FCFEE2A64EC7A00F03DD8 /* PopularItemsCollection.swift in Sources */,
				5A9FCFEC2A64CF7B00F03DD8 /* HomeBaseViewController.swift in Sources */,
				5AF4AF762AB040A500ABC5B9 /* ChatPersonCell.swift in Sources */,
				5A9FCFF22A64EEF600F03DD8 /* BaseFoodModel.swift in Sources */,
				5A0E94582A612E7600C6F1EC /* HomeFoodViewModel.swift in Sources */,
				5AA251AA2A53B72C000090C5 /* String+Utility.swift in Sources */,
				5A58249E2A5E617A008C8068 /* LoginVM.swift in Sources */,
				5A8DB6442ACAC53200050432 /* CartManager.swift in Sources */,
				5AA251992A53B6EB000090C5 /* BaseViewController.swift in Sources */,
				5A96BA832A5E35FA00BEE3D9 /* UserManager.swift in Sources */,
				5A8DB63A2ACA6A5F00050432 /* UserProfileTableVC+UITableViewDataSource.swift in Sources */,
				5A8DB6322ACA652900050432 /* UserProfileInfoCell.swift in Sources */,
				5A8DB6282ACA543400050432 /* UserHeaderMemberCell.swift in Sources */,
				5AA251A92A53B72C000090C5 /* ABLength.swift in Sources */,
				5A8DB6342ACA657D00050432 /* UserFavorites.swift in Sources */,
				5A36479A2AB058300056C2C7 /* ChatDetailHeaderView.swift in Sources */,
				5A8B8DFF2AC56EEB00C8E538 /* ReviewsDetailTable+UITableViewDelegate.swift in Sources */,
				5AA251AB2A53B72C000090C5 /* UINavigationController+Utility.swift in Sources */,
				5A9EC2592AC172E50075756D /* FoodDetailModel.swift in Sources */,
				5AF7132A2A61452200EFBE3D /* NearRestoCell.swift in Sources */,
				5AF4AF6F2AB03CF700ABC5B9 /* ChatsViewController.swift in Sources */,
				5A3F99342AAEDDAC006BE4D3 /* FilterSearchVC.swift in Sources */,
				5A8B8DFD2AC56D0800C8E538 /* ReviewsDetailTable.swift in Sources */,
				5AA2FD882AC3F11900997DD1 /* UserProfileVC.swift in Sources */,
				5AF4AF732AB0403100ABC5B9 /* ChatsViewController+UITableViewDelegate.swift in Sources */,
				5A9EC2562AC1729C0075756D /* FoodDetailViewModel.swift in Sources */,
				5A9018A32ACBDBDF003D4E1D /* MainTabbarViewController+HomeFoodViewControllerDelegate.swift in Sources */,
				5A8DB6362ACA659500050432 /* UserVouchersCell.swift in Sources */,
				5A8DB6382ACA6A3D00050432 /* UserProfileTableVC+UITableViewDelegate.swift in Sources */,
				5A8DB62E2ACA55B500050432 /* UserModel.swift in Sources */,
				5AF4AF712AB03EBB00ABC5B9 /* ChatsViewController+UITableViewDataSource.swift in Sources */,
				5A0E945D2A6131CC00C6F1EC /* AdsPagerView.swift in Sources */,
				5AA251A82A53B72C000090C5 /* UIFont+Utility.swift in Sources */,
				5AF713282A6140B700EFBE3D /* NearRestaurantCollection.swift in Sources */,
				5A3F99412AAEE7C9006BE4D3 /* FiltersCollection+UICollectionViewDataSource.swift in Sources */,
				5A0E944E2A60F7D900C6F1EC /* MainTabbarViewController.swift in Sources */,
				5A8DB63C2ACA6D9B00050432 /* UserProfileTableVC.swift in Sources */,
				5A3F99362AAEDE4E006BE4D3 /* SearchFoodField.swift in Sources */,
				5A3F99432AAEEB0F006BE4D3 /* FilterCollectionCell.swift in Sources */,
				5A90189E2ACBAF07003D4E1D /* RedBadgeView.swift in Sources */,
				5A9A6E8A2A5E416F00E61CA5 /* SignUpManager.swift in Sources */,
				5A9EC24F2AC15E8E0075756D /* AppDelegate+Services.swift in Sources */,
				5A3F992C2AAEB73D006BE4D3 /* HomeFoodController+UITableViewDataSource.swift in Sources */,
				5A9EC2522AC1725E0075756D /* FoodDetailVC.swift in Sources */,
				5A9EC25D2AC175300075756D /* BaseDetailVC.swift in Sources */,
				5A8DB6302ACA55C500050432 /* UserExtraInfoModel.swift in Sources */,
				5A9F281E2A4AB4D500E478F3 /* AppDelegate.swift in Sources */,
				5A8B8E012AC56F0900C8E538 /* ReviewsDetailTable+UITableViewDataSource.swift in Sources */,
				5A24C7942AC6971A00056451 /* BaseFoodFactory.swift in Sources */,
				5AF7132C2A61460D00EFBE3D /* RestaurantModel.swift in Sources */,
				5AA251A62A53B72C000090C5 /* GlobalFunc.swift in Sources */,
				5A8DB63E2ACAA0F800050432 /* UserFavorites+UITableViewDataSource.swift in Sources */,
				5A3F994A2AAEF238006BE4D3 /* FilterSearchVM.swift in Sources */,
				5A3F99472AAEF195006BE4D3 /* FilterSearchVC+UITableViewDelegate.swift in Sources */,
				5AA2FD8A2AC4206A00997DD1 /* FoodDetailTableVC.swift in Sources */,
				5A8B8E032AC570FB00C8E538 /* UserReviewCell.swift in Sources */,
				5A3F99282AAEB69D006BE4D3 /* PopularItemsCollection+UICollectionViewDelegate.swift in Sources */,
				5AF4AF6B2AB00A2200ABC5B9 /* FilterSearchVC+FiltersCollectionDelegate.swift in Sources */,
				5AA251AF2A53BDD1000090C5 /* LogInViewController.swift in Sources */,
				5AA2FD902AC435B900997DD1 /* DetailInfoCell.swift in Sources */,
				5A5824A52A5E76A1008C8068 /* SignUpVM.swift in Sources */,
				5A8DB6402ACAA10E00050432 /* UserFavorites+UITableViewDelegate.swift in Sources */,
				5A3F993D2AAEE1CE006BE4D3 /* FilterModel.swift in Sources */,
				5A9A6E8C2A5E44E800E61CA5 /* BaseTextField.swift in Sources */,
				5A5824A32A5E7690008C8068 /* SignUpViewController.swift in Sources */,
				5A9018A72ACBF1ED003D4E1D /* Notification.swift in Sources */,
				5A8E07B62AC2C9E900A20038 /* LaterUser.swift in Sources */,
				5A89308D2A60DABC00BB5AB3 /* AppConfiguration.swift in Sources */,
				5A8DB62B2ACA546200050432 /* UserProfileViewModel.swift in Sources */,
				5A3F99262AAEB671006BE4D3 /* PopularItemsCollection+UICollectionViewDataSource.swift in Sources */,
				5A8B8DFB2AC55E0100C8E538 /* FoodDetailTableVC+HeaderTagDetailDelegate.swift in Sources */,
				5A9EC25B2AC173860075756D /* FoodRatingModel.swift in Sources */,
				5AA251B52A53C3BE000090C5 /* AppManager.swift in Sources */,
				5A9EC24D2AC1321E0075756D /* OnboardingCoordinator.swift in Sources */,
				5ABA5D612AB19145000DEC06 /* OnboardingModel.swift in Sources */,
				5A3F992A2AAEB71B006BE4D3 /* HomeFoodController+UITableViewDelegate.swift in Sources */,
				5A0E945B2A6130B900C6F1EC /* HomeTopAdModel.swift in Sources */,
				5A9FCFF62A64F24500F03DD8 /* PopularMenuCell.swift in Sources */,
				5A3647982AB057EB0056C2C7 /* ChatDetailViewController.swift in Sources */,
				5AA251A72A53B72C000090C5 /* GlobalImports.swift in Sources */,
				5A0E944A2A60E4D200C6F1EC /* CustomNavBar.swift in Sources */,
				5A3F993F2AAEE7B8006BE4D3 /* FiltersCollection+UICollectionViewDelegate.swift in Sources */,
				5A3F99452AAEF181006BE4D3 /* FilterSearchVC+UITableViewDataSource.swift in Sources */,
				5AA2FD8E2AC4304200997DD1 /* HeaderTagDetailCell.swift in Sources */,
				5AA251AC2A53B72C000090C5 /* DayNightMode.swift in Sources */,
				5A3F993A2AAEE16F006BE4D3 /* FiltersCollection.swift in Sources */,
				5A8E07B42AC2BB8600A20038 /* FoodDetailTableVC+UITableViewDataSource.swift in Sources */,
				5AA251B12A53BE5D000090C5 /* UIImageView+Utility.swift in Sources */,
				5AF4AF692AB0046300ABC5B9 /* HomeFoodController+FilterSearchViewControllerDelegate.swift in Sources */,
				5AA251A52A53B72C000090C5 /* HomeFoodController.swift in Sources */,
			);
			runOnlyForDeploymentPostprocessing = 0;
		};
/* End PBXSourcesBuildPhase section */

/* Begin PBXVariantGroup section */
		5A9F28282A4AB4D800E478F3 /* LaunchScreen.storyboard */ = {
			isa = PBXVariantGroup;
			children = (
				5A9F28292A4AB4D800E478F3 /* Base */,
			);
			name = LaunchScreen.storyboard;
			sourceTree = "<group>";
		};
/* End PBXVariantGroup section */

/* Begin XCBuildConfiguration section */
		5A9F282C2A4AB4D800E478F3 /* Debug */ = {
			isa = XCBuildConfiguration;
			buildSettings = {
				ALWAYS_SEARCH_USER_PATHS = NO;
				CLANG_ANALYZER_NONNULL = YES;
				CLANG_ANALYZER_NUMBER_OBJECT_CONVERSION = YES_AGGRESSIVE;
				CLANG_CXX_LANGUAGE_STANDARD = "gnu++20";
				CLANG_ENABLE_MODULES = YES;
				CLANG_ENABLE_OBJC_ARC = YES;
				CLANG_ENABLE_OBJC_WEAK = YES;
				CLANG_WARN_BLOCK_CAPTURE_AUTORELEASING = YES;
				CLANG_WARN_BOOL_CONVERSION = YES;
				CLANG_WARN_COMMA = YES;
				CLANG_WARN_CONSTANT_CONVERSION = YES;
				CLANG_WARN_DEPRECATED_OBJC_IMPLEMENTATIONS = YES;
				CLANG_WARN_DIRECT_OBJC_ISA_USAGE = YES_ERROR;
				CLANG_WARN_DOCUMENTATION_COMMENTS = YES;
				CLANG_WARN_EMPTY_BODY = YES;
				CLANG_WARN_ENUM_CONVERSION = YES;
				CLANG_WARN_INFINITE_RECURSION = YES;
				CLANG_WARN_INT_CONVERSION = YES;
				CLANG_WARN_NON_LITERAL_NULL_CONVERSION = YES;
				CLANG_WARN_OBJC_IMPLICIT_RETAIN_SELF = YES;
				CLANG_WARN_OBJC_LITERAL_CONVERSION = YES;
				CLANG_WARN_OBJC_ROOT_CLASS = YES_ERROR;
				CLANG_WARN_QUOTED_INCLUDE_IN_FRAMEWORK_HEADER = YES;
				CLANG_WARN_RANGE_LOOP_ANALYSIS = YES;
				CLANG_WARN_STRICT_PROTOTYPES = YES;
				CLANG_WARN_SUSPICIOUS_MOVE = YES;
				CLANG_WARN_UNGUARDED_AVAILABILITY = YES_AGGRESSIVE;
				CLANG_WARN_UNREACHABLE_CODE = YES;
				CLANG_WARN__DUPLICATE_METHOD_MATCH = YES;
				COPY_PHASE_STRIP = NO;
				DEBUG_INFORMATION_FORMAT = dwarf;
				ENABLE_STRICT_OBJC_MSGSEND = YES;
				ENABLE_TESTABILITY = YES;
				GCC_C_LANGUAGE_STANDARD = gnu11;
				GCC_DYNAMIC_NO_PIC = NO;
				GCC_NO_COMMON_BLOCKS = YES;
				GCC_OPTIMIZATION_LEVEL = 0;
				GCC_PREPROCESSOR_DEFINITIONS = (
					"DEBUG=1",
					"$(inherited)",
				);
				GCC_WARN_64_TO_32_BIT_CONVERSION = YES;
				GCC_WARN_ABOUT_RETURN_TYPE = YES_ERROR;
				GCC_WARN_UNDECLARED_SELECTOR = YES;
				GCC_WARN_UNINITIALIZED_AUTOS = YES_AGGRESSIVE;
				GCC_WARN_UNUSED_FUNCTION = YES;
				GCC_WARN_UNUSED_VARIABLE = YES;
				IPHONEOS_DEPLOYMENT_TARGET = 12.0;
				MTL_ENABLE_DEBUG_INFO = INCLUDE_SOURCE;
				MTL_FAST_MATH = YES;
				ONLY_ACTIVE_ARCH = YES;
				SDKROOT = iphoneos;
				SWIFT_ACTIVE_COMPILATION_CONDITIONS = DEBUG;
				SWIFT_OPTIMIZATION_LEVEL = "-Onone";
			};
			name = Debug;
		};
		5A9F282D2A4AB4D800E478F3 /* Release */ = {
			isa = XCBuildConfiguration;
			buildSettings = {
				ALWAYS_SEARCH_USER_PATHS = NO;
				CLANG_ANALYZER_NONNULL = YES;
				CLANG_ANALYZER_NUMBER_OBJECT_CONVERSION = YES_AGGRESSIVE;
				CLANG_CXX_LANGUAGE_STANDARD = "gnu++20";
				CLANG_ENABLE_MODULES = YES;
				CLANG_ENABLE_OBJC_ARC = YES;
				CLANG_ENABLE_OBJC_WEAK = YES;
				CLANG_WARN_BLOCK_CAPTURE_AUTORELEASING = YES;
				CLANG_WARN_BOOL_CONVERSION = YES;
				CLANG_WARN_COMMA = YES;
				CLANG_WARN_CONSTANT_CONVERSION = YES;
				CLANG_WARN_DEPRECATED_OBJC_IMPLEMENTATIONS = YES;
				CLANG_WARN_DIRECT_OBJC_ISA_USAGE = YES_ERROR;
				CLANG_WARN_DOCUMENTATION_COMMENTS = YES;
				CLANG_WARN_EMPTY_BODY = YES;
				CLANG_WARN_ENUM_CONVERSION = YES;
				CLANG_WARN_INFINITE_RECURSION = YES;
				CLANG_WARN_INT_CONVERSION = YES;
				CLANG_WARN_NON_LITERAL_NULL_CONVERSION = YES;
				CLANG_WARN_OBJC_IMPLICIT_RETAIN_SELF = YES;
				CLANG_WARN_OBJC_LITERAL_CONVERSION = YES;
				CLANG_WARN_OBJC_ROOT_CLASS = YES_ERROR;
				CLANG_WARN_QUOTED_INCLUDE_IN_FRAMEWORK_HEADER = YES;
				CLANG_WARN_RANGE_LOOP_ANALYSIS = YES;
				CLANG_WARN_STRICT_PROTOTYPES = YES;
				CLANG_WARN_SUSPICIOUS_MOVE = YES;
				CLANG_WARN_UNGUARDED_AVAILABILITY = YES_AGGRESSIVE;
				CLANG_WARN_UNREACHABLE_CODE = YES;
				CLANG_WARN__DUPLICATE_METHOD_MATCH = YES;
				COPY_PHASE_STRIP = NO;
				DEBUG_INFORMATION_FORMAT = "dwarf-with-dsym";
				ENABLE_NS_ASSERTIONS = NO;
				ENABLE_STRICT_OBJC_MSGSEND = YES;
				GCC_C_LANGUAGE_STANDARD = gnu11;
				GCC_NO_COMMON_BLOCKS = YES;
				GCC_WARN_64_TO_32_BIT_CONVERSION = YES;
				GCC_WARN_ABOUT_RETURN_TYPE = YES_ERROR;
				GCC_WARN_UNDECLARED_SELECTOR = YES;
				GCC_WARN_UNINITIALIZED_AUTOS = YES_AGGRESSIVE;
				GCC_WARN_UNUSED_FUNCTION = YES;
				GCC_WARN_UNUSED_VARIABLE = YES;
				IPHONEOS_DEPLOYMENT_TARGET = 12.0;
				MTL_ENABLE_DEBUG_INFO = NO;
				MTL_FAST_MATH = YES;
				SDKROOT = iphoneos;
				SWIFT_COMPILATION_MODE = wholemodule;
				SWIFT_OPTIMIZATION_LEVEL = "-O";
				VALIDATE_PRODUCT = YES;
			};
			name = Release;
		};
		5A9F282F2A4AB4D800E478F3 /* Debug */ = {
			isa = XCBuildConfiguration;
			baseConfigurationReference = 3E9C77996E69785745FFC851 /* Pods-FoodFood.debug.xcconfig */;
			buildSettings = {
				ASSETCATALOG_COMPILER_APPICON_NAME = AppIcon;
				ASSETCATALOG_COMPILER_GLOBAL_ACCENT_COLOR_NAME = AccentColor;
				CODE_SIGN_STYLE = Automatic;
				CURRENT_PROJECT_VERSION = 1;
				DEVELOPMENT_TEAM = BF346BU4AP;
				GENERATE_INFOPLIST_FILE = YES;
				INFOPLIST_FILE = FoodFood/Info.plist;
				INFOPLIST_KEY_UIApplicationSupportsIndirectInputEvents = YES;
				INFOPLIST_KEY_UILaunchStoryboardName = LaunchScreen;
				INFOPLIST_KEY_UIStatusBarStyle = "";
				INFOPLIST_KEY_UISupportedInterfaceOrientations = UIInterfaceOrientationPortrait;
				IPHONEOS_DEPLOYMENT_TARGET = 12.0;
				LD_RUNPATH_SEARCH_PATHS = (
					"$(inherited)",
					"@executable_path/Frameworks",
				);
				MARKETING_VERSION = 1.0;
				PRODUCT_BUNDLE_IDENTIFIER = com.akkram.FoodFood;
				PRODUCT_NAME = "$(TARGET_NAME)";
				SUPPORTED_PLATFORMS = "iphoneos iphonesimulator";
				SUPPORTS_MACCATALYST = NO;
				SUPPORTS_MAC_DESIGNED_FOR_IPHONE_IPAD = NO;
				SWIFT_EMIT_LOC_STRINGS = YES;
				SWIFT_VERSION = 5.0;
				TARGETED_DEVICE_FAMILY = 1;
			};
			name = Debug;
		};
		5A9F28302A4AB4D800E478F3 /* Release */ = {
			isa = XCBuildConfiguration;
			baseConfigurationReference = 9A5B1F00D2C7972B3441007E /* Pods-FoodFood.release.xcconfig */;
			buildSettings = {
				ASSETCATALOG_COMPILER_APPICON_NAME = AppIcon;
				ASSETCATALOG_COMPILER_GLOBAL_ACCENT_COLOR_NAME = AccentColor;
				CODE_SIGN_STYLE = Automatic;
				CURRENT_PROJECT_VERSION = 1;
				DEVELOPMENT_TEAM = BF346BU4AP;
				GENERATE_INFOPLIST_FILE = YES;
				INFOPLIST_FILE = FoodFood/Info.plist;
				INFOPLIST_KEY_UIApplicationSupportsIndirectInputEvents = YES;
				INFOPLIST_KEY_UILaunchStoryboardName = LaunchScreen;
				INFOPLIST_KEY_UIStatusBarStyle = "";
				INFOPLIST_KEY_UISupportedInterfaceOrientations = UIInterfaceOrientationPortrait;
				IPHONEOS_DEPLOYMENT_TARGET = 12.0;
				LD_RUNPATH_SEARCH_PATHS = (
					"$(inherited)",
					"@executable_path/Frameworks",
				);
				MARKETING_VERSION = 1.0;
				PRODUCT_BUNDLE_IDENTIFIER = com.akkram.FoodFood;
				PRODUCT_NAME = "$(TARGET_NAME)";
				SUPPORTED_PLATFORMS = "iphoneos iphonesimulator";
				SUPPORTS_MACCATALYST = NO;
				SUPPORTS_MAC_DESIGNED_FOR_IPHONE_IPAD = NO;
				SWIFT_EMIT_LOC_STRINGS = YES;
				SWIFT_VERSION = 5.0;
				TARGETED_DEVICE_FAMILY = 1;
			};
			name = Release;
		};
/* End XCBuildConfiguration section */

/* Begin XCConfigurationList section */
		5A9F28152A4AB4D400E478F3 /* Build configuration list for PBXProject "FoodFood" */ = {
			isa = XCConfigurationList;
			buildConfigurations = (
				5A9F282C2A4AB4D800E478F3 /* Debug */,
				5A9F282D2A4AB4D800E478F3 /* Release */,
			);
			defaultConfigurationIsVisible = 0;
			defaultConfigurationName = Release;
		};
		5A9F282E2A4AB4D800E478F3 /* Build configuration list for PBXNativeTarget "FoodFood" */ = {
			isa = XCConfigurationList;
			buildConfigurations = (
				5A9F282F2A4AB4D800E478F3 /* Debug */,
				5A9F28302A4AB4D800E478F3 /* Release */,
			);
			defaultConfigurationIsVisible = 0;
			defaultConfigurationName = Release;
		};
/* End XCConfigurationList section */
	};
	rootObject = 5A9F28122A4AB4D400E478F3 /* Project object */;
}
