// !$*UTF8*$!
{
	archiveVersion = 1;
	classes = {
	};
	objectVersion = 56;
	objects = {

/* Begin PBXBuildFile section */
		5A58249E2A5E617A008C8068 /* LoginVM.swift in Sources */ = {isa = PBXBuildFile; fileRef = 5A58249D2A5E6179008C8068 /* LoginVM.swift */; };
		5A5824A32A5E7690008C8068 /* SignUpViewController.swift in Sources */ = {isa = PBXBuildFile; fileRef = 5A5824A22A5E7690008C8068 /* SignUpViewController.swift */; };
		5A5824A52A5E76A1008C8068 /* SignUpVM.swift in Sources */ = {isa = PBXBuildFile; fileRef = 5A5824A42A5E76A1008C8068 /* SignUpVM.swift */; };
		5A6A95AD2A52BAEA00DCAB37 /* AppDelegate+Services.swift in Sources */ = {isa = PBXBuildFile; fileRef = 5A6A95A92A52BAE900DCAB37 /* AppDelegate+Services.swift */; };
		5A89308D2A60DABC00BB5AB3 /* AppConfiguration.swift in Sources */ = {isa = PBXBuildFile; fileRef = 5A89308C2A60DABC00BB5AB3 /* AppConfiguration.swift */; };
		5A96BA832A5E35FA00BEE3D9 /* UserManager.swift in Sources */ = {isa = PBXBuildFile; fileRef = 5A96BA822A5E35FA00BEE3D9 /* UserManager.swift */; };
		5A9A6E882A5E400E00E61CA5 /* LoginManager.swift in Sources */ = {isa = PBXBuildFile; fileRef = 5A9A6E872A5E400E00E61CA5 /* LoginManager.swift */; };
		5A9A6E8A2A5E416F00E61CA5 /* SignUpManager.swift in Sources */ = {isa = PBXBuildFile; fileRef = 5A9A6E892A5E416F00E61CA5 /* SignUpManager.swift */; };
		5A9A6E8C2A5E44E800E61CA5 /* BaseTextField.swift in Sources */ = {isa = PBXBuildFile; fileRef = 5A9A6E8B2A5E44E800E61CA5 /* BaseTextField.swift */; };
		5A9F281E2A4AB4D500E478F3 /* AppDelegate.swift in Sources */ = {isa = PBXBuildFile; fileRef = 5A9F281D2A4AB4D500E478F3 /* AppDelegate.swift */; };
		5A9F28272A4AB4D800E478F3 /* Assets.xcassets in Resources */ = {isa = PBXBuildFile; fileRef = 5A9F28262A4AB4D800E478F3 /* Assets.xcassets */; };
		5AA251992A53B6EB000090C5 /* BaseViewController.swift in Sources */ = {isa = PBXBuildFile; fileRef = 5AA251982A53B6EB000090C5 /* BaseViewController.swift */; };
		5AA251A52A53B72C000090C5 /* MainViewController.swift in Sources */ = {isa = PBXBuildFile; fileRef = 5AA2519B2A53B72C000090C5 /* MainViewController.swift */; };
		5AA251A62A53B72C000090C5 /* GlobalFunc.swift in Sources */ = {isa = PBXBuildFile; fileRef = 5AA2519D2A53B72C000090C5 /* GlobalFunc.swift */; };
		5AA251A72A53B72C000090C5 /* GlobalImports.swift in Sources */ = {isa = PBXBuildFile; fileRef = 5AA2519E2A53B72C000090C5 /* GlobalImports.swift */; };
		5AA251A82A53B72C000090C5 /* UIFont+Utility.swift in Sources */ = {isa = PBXBuildFile; fileRef = 5AA2519F2A53B72C000090C5 /* UIFont+Utility.swift */; };
		5AA251A92A53B72C000090C5 /* ABLength.swift in Sources */ = {isa = PBXBuildFile; fileRef = 5AA251A02A53B72C000090C5 /* ABLength.swift */; };
		5AA251AA2A53B72C000090C5 /* String+Utility.swift in Sources */ = {isa = PBXBuildFile; fileRef = 5AA251A22A53B72C000090C5 /* String+Utility.swift */; };
		5AA251AB2A53B72C000090C5 /* UINavigationController+Utility.swift in Sources */ = {isa = PBXBuildFile; fileRef = 5AA251A32A53B72C000090C5 /* UINavigationController+Utility.swift */; };
		5AA251AC2A53B72C000090C5 /* DayNightMode.swift in Sources */ = {isa = PBXBuildFile; fileRef = 5AA251A42A53B72C000090C5 /* DayNightMode.swift */; };
		5AA251AF2A53BDD1000090C5 /* LogInViewController.swift in Sources */ = {isa = PBXBuildFile; fileRef = 5AA251AE2A53BDD1000090C5 /* LogInViewController.swift */; };
		5AA251B12A53BE5D000090C5 /* UIImageView+Utility.swift in Sources */ = {isa = PBXBuildFile; fileRef = 5AA251B02A53BE5D000090C5 /* UIImageView+Utility.swift */; };
		5AA251B52A53C3BE000090C5 /* AppManager.swift in Sources */ = {isa = PBXBuildFile; fileRef = 5AA251B42A53C3BE000090C5 /* AppManager.swift */; };
		B1EF5D8826A88E9F149513AE /* Pods_FoodFood.framework in Frameworks */ = {isa = PBXBuildFile; fileRef = CBAB9E05D389781F782C1427 /* Pods_FoodFood.framework */; };
/* End PBXBuildFile section */

/* Begin PBXFileReference section */
		3E9C77996E69785745FFC851 /* Pods-FoodFood.debug.xcconfig */ = {isa = PBXFileReference; includeInIndex = 1; lastKnownFileType = text.xcconfig; name = "Pods-FoodFood.debug.xcconfig"; path = "Target Support Files/Pods-FoodFood/Pods-FoodFood.debug.xcconfig"; sourceTree = "<group>"; };
		5A58249D2A5E6179008C8068 /* LoginVM.swift */ = {isa = PBXFileReference; lastKnownFileType = sourcecode.swift; path = LoginVM.swift; sourceTree = "<group>"; };
		5A5824A22A5E7690008C8068 /* SignUpViewController.swift */ = {isa = PBXFileReference; lastKnownFileType = sourcecode.swift; path = SignUpViewController.swift; sourceTree = "<group>"; };
		5A5824A42A5E76A1008C8068 /* SignUpVM.swift */ = {isa = PBXFileReference; lastKnownFileType = sourcecode.swift; path = SignUpVM.swift; sourceTree = "<group>"; };
		5A6A95A92A52BAE900DCAB37 /* AppDelegate+Services.swift */ = {isa = PBXFileReference; fileEncoding = 4; lastKnownFileType = sourcecode.swift; name = "AppDelegate+Services.swift"; path = "../../../../save/AppDelegate+Services.swift"; sourceTree = "<group>"; };
		5A89308C2A60DABC00BB5AB3 /* AppConfiguration.swift */ = {isa = PBXFileReference; lastKnownFileType = sourcecode.swift; path = AppConfiguration.swift; sourceTree = "<group>"; };
		5A96BA822A5E35FA00BEE3D9 /* UserManager.swift */ = {isa = PBXFileReference; lastKnownFileType = sourcecode.swift; path = UserManager.swift; sourceTree = "<group>"; };
		5A9A6E872A5E400E00E61CA5 /* LoginManager.swift */ = {isa = PBXFileReference; lastKnownFileType = sourcecode.swift; path = LoginManager.swift; sourceTree = "<group>"; };
		5A9A6E892A5E416F00E61CA5 /* SignUpManager.swift */ = {isa = PBXFileReference; lastKnownFileType = sourcecode.swift; path = SignUpManager.swift; sourceTree = "<group>"; };
		5A9A6E8B2A5E44E800E61CA5 /* BaseTextField.swift */ = {isa = PBXFileReference; lastKnownFileType = sourcecode.swift; path = BaseTextField.swift; sourceTree = "<group>"; };
		5A9F281A2A4AB4D500E478F3 /* FoodFood.app */ = {isa = PBXFileReference; explicitFileType = wrapper.application; includeInIndex = 0; path = FoodFood.app; sourceTree = BUILT_PRODUCTS_DIR; };
		5A9F281D2A4AB4D500E478F3 /* AppDelegate.swift */ = {isa = PBXFileReference; lastKnownFileType = sourcecode.swift; path = AppDelegate.swift; sourceTree = "<group>"; };
		5A9F28262A4AB4D800E478F3 /* Assets.xcassets */ = {isa = PBXFileReference; lastKnownFileType = folder.assetcatalog; path = Assets.xcassets; sourceTree = "<group>"; };
		5A9F28292A4AB4D800E478F3 /* Base */ = {isa = PBXFileReference; lastKnownFileType = file.storyboard; name = Base; path = Base.lproj/LaunchScreen.storyboard; sourceTree = "<group>"; };
		5A9F282B2A4AB4D800E478F3 /* Info.plist */ = {isa = PBXFileReference; lastKnownFileType = text.plist.xml; path = Info.plist; sourceTree = "<group>"; };
		5AA251982A53B6EB000090C5 /* BaseViewController.swift */ = {isa = PBXFileReference; fileEncoding = 4; lastKnownFileType = sourcecode.swift; path = BaseViewController.swift; sourceTree = "<group>"; };
		5AA2519B2A53B72C000090C5 /* MainViewController.swift */ = {isa = PBXFileReference; fileEncoding = 4; lastKnownFileType = sourcecode.swift; path = MainViewController.swift; sourceTree = "<group>"; };
		5AA2519D2A53B72C000090C5 /* GlobalFunc.swift */ = {isa = PBXFileReference; fileEncoding = 4; lastKnownFileType = sourcecode.swift; path = GlobalFunc.swift; sourceTree = "<group>"; };
		5AA2519E2A53B72C000090C5 /* GlobalImports.swift */ = {isa = PBXFileReference; fileEncoding = 4; lastKnownFileType = sourcecode.swift; path = GlobalImports.swift; sourceTree = "<group>"; };
		5AA2519F2A53B72C000090C5 /* UIFont+Utility.swift */ = {isa = PBXFileReference; fileEncoding = 4; lastKnownFileType = sourcecode.swift; path = "UIFont+Utility.swift"; sourceTree = "<group>"; };
		5AA251A02A53B72C000090C5 /* ABLength.swift */ = {isa = PBXFileReference; fileEncoding = 4; lastKnownFileType = sourcecode.swift; path = ABLength.swift; sourceTree = "<group>"; };
		5AA251A22A53B72C000090C5 /* String+Utility.swift */ = {isa = PBXFileReference; fileEncoding = 4; lastKnownFileType = sourcecode.swift; path = "String+Utility.swift"; sourceTree = "<group>"; };
		5AA251A32A53B72C000090C5 /* UINavigationController+Utility.swift */ = {isa = PBXFileReference; fileEncoding = 4; lastKnownFileType = sourcecode.swift; path = "UINavigationController+Utility.swift"; sourceTree = "<group>"; };
		5AA251A42A53B72C000090C5 /* DayNightMode.swift */ = {isa = PBXFileReference; fileEncoding = 4; lastKnownFileType = sourcecode.swift; path = DayNightMode.swift; sourceTree = "<group>"; };
		5AA251AE2A53BDD1000090C5 /* LogInViewController.swift */ = {isa = PBXFileReference; lastKnownFileType = sourcecode.swift; path = LogInViewController.swift; sourceTree = "<group>"; };
		5AA251B02A53BE5D000090C5 /* UIImageView+Utility.swift */ = {isa = PBXFileReference; lastKnownFileType = sourcecode.swift; path = "UIImageView+Utility.swift"; sourceTree = "<group>"; };
		5AA251B42A53C3BE000090C5 /* AppManager.swift */ = {isa = PBXFileReference; lastKnownFileType = sourcecode.swift; path = AppManager.swift; sourceTree = "<group>"; };
		9A5B1F00D2C7972B3441007E /* Pods-FoodFood.release.xcconfig */ = {isa = PBXFileReference; includeInIndex = 1; lastKnownFileType = text.xcconfig; name = "Pods-FoodFood.release.xcconfig"; path = "Target Support Files/Pods-FoodFood/Pods-FoodFood.release.xcconfig"; sourceTree = "<group>"; };
		CBAB9E05D389781F782C1427 /* Pods_FoodFood.framework */ = {isa = PBXFileReference; explicitFileType = wrapper.framework; includeInIndex = 0; path = Pods_FoodFood.framework; sourceTree = BUILT_PRODUCTS_DIR; };
/* End PBXFileReference section */

/* Begin PBXFrameworksBuildPhase section */
		5A9F28172A4AB4D500E478F3 /* Frameworks */ = {
			isa = PBXFrameworksBuildPhase;
			buildActionMask = 2147483647;
			files = (
				B1EF5D8826A88E9F149513AE /* Pods_FoodFood.framework in Frameworks */,
			);
			runOnlyForDeploymentPostprocessing = 0;
		};
/* End PBXFrameworksBuildPhase section */

/* Begin PBXGroup section */
		0A9BC17503346A042B053BBD /* Frameworks */ = {
			isa = PBXGroup;
			children = (
				CBAB9E05D389781F782C1427 /* Pods_FoodFood.framework */,
			);
			name = Frameworks;
			sourceTree = "<group>";
		};
		1AB41AD2178BFDE0A72E1113 /* Pods */ = {
			isa = PBXGroup;
			children = (
				3E9C77996E69785745FFC851 /* Pods-FoodFood.debug.xcconfig */,
				9A5B1F00D2C7972B3441007E /* Pods-FoodFood.release.xcconfig */,
			);
			path = Pods;
			sourceTree = "<group>";
		};
		5A58249B2A5E615B008C8068 /* View */ = {
			isa = PBXGroup;
			children = (
				5AA251AE2A53BDD1000090C5 /* LogInViewController.swift */,
			);
			path = View;
			sourceTree = "<group>";
		};
		5A58249C2A5E616C008C8068 /* ViewModel */ = {
			isa = PBXGroup;
			children = (
				5A58249D2A5E6179008C8068 /* LoginVM.swift */,
			);
			path = ViewModel;
			sourceTree = "<group>";
		};
		5A58249F2A5E7665008C8068 /* SignUp */ = {
			isa = PBXGroup;
			children = (
				5A5824A12A5E767C008C8068 /* ViewModel */,
				5A5824A02A5E7678008C8068 /* View */,
			);
			path = SignUp;
			sourceTree = "<group>";
		};
		5A5824A02A5E7678008C8068 /* View */ = {
			isa = PBXGroup;
			children = (
				5A5824A22A5E7690008C8068 /* SignUpViewController.swift */,
			);
			path = View;
			sourceTree = "<group>";
		};
		5A5824A12A5E767C008C8068 /* ViewModel */ = {
			isa = PBXGroup;
			children = (
				5A5824A42A5E76A1008C8068 /* SignUpVM.swift */,
			);
			path = ViewModel;
			sourceTree = "<group>";
		};
		5A9F28112A4AB4D400E478F3 = {
			isa = PBXGroup;
			children = (
				5A9F281C2A4AB4D500E478F3 /* FoodFood */,
				5A9F281B2A4AB4D500E478F3 /* Products */,
				1AB41AD2178BFDE0A72E1113 /* Pods */,
				0A9BC17503346A042B053BBD /* Frameworks */,
			);
			sourceTree = "<group>";
		};
		5A9F281B2A4AB4D500E478F3 /* Products */ = {
			isa = PBXGroup;
			children = (
				5A9F281A2A4AB4D500E478F3 /* FoodFood.app */,
			);
			name = Products;
			sourceTree = "<group>";
		};
		5A9F281C2A4AB4D500E478F3 /* FoodFood */ = {
			isa = PBXGroup;
			children = (
				5AA251B32A53C3B3000090C5 /* Managers */,
				5AA2519C2A53B72C000090C5 /* Global */,
				5AA2519A2A53B72C000090C5 /* Screens */,
				5AA251A12A53B72C000090C5 /* Utilities */,
				5AA251972A53B6EB000090C5 /* Base */,
				5A9F281D2A4AB4D500E478F3 /* AppDelegate.swift */,
				5A6A95A92A52BAE900DCAB37 /* AppDelegate+Services.swift */,
				5A9F28262A4AB4D800E478F3 /* Assets.xcassets */,
				5A9F28282A4AB4D800E478F3 /* LaunchScreen.storyboard */,
				5A9F282B2A4AB4D800E478F3 /* Info.plist */,
				5A89308C2A60DABC00BB5AB3 /* AppConfiguration.swift */,
			);
			path = FoodFood;
			sourceTree = "<group>";
		};
		5AA251972A53B6EB000090C5 /* Base */ = {
			isa = PBXGroup;
			children = (
				5AA251982A53B6EB000090C5 /* BaseViewController.swift */,
				5A9A6E8B2A5E44E800E61CA5 /* BaseTextField.swift */,
			);
			path = Base;
			sourceTree = "<group>";
		};
		5AA2519A2A53B72C000090C5 /* Screens */ = {
			isa = PBXGroup;
			children = (
				5A58249F2A5E7665008C8068 /* SignUp */,
				5AA251AD2A53BD9E000090C5 /* LogIn */,
				5AA2519B2A53B72C000090C5 /* MainViewController.swift */,
			);
			path = Screens;
			sourceTree = "<group>";
		};
		5AA2519C2A53B72C000090C5 /* Global */ = {
			isa = PBXGroup;
			children = (
				5AA2519D2A53B72C000090C5 /* GlobalFunc.swift */,
				5AA2519E2A53B72C000090C5 /* GlobalImports.swift */,
				5AA251A02A53B72C000090C5 /* ABLength.swift */,
			);
			path = Global;
			sourceTree = "<group>";
		};
		5AA251A12A53B72C000090C5 /* Utilities */ = {
			isa = PBXGroup;
			children = (
				5AA251B22A53BE66000090C5 /* UI */,
				5AA251A22A53B72C000090C5 /* String+Utility.swift */,
				5AA251A42A53B72C000090C5 /* DayNightMode.swift */,
			);
			path = Utilities;
			sourceTree = "<group>";
		};
		5AA251AD2A53BD9E000090C5 /* LogIn */ = {
			isa = PBXGroup;
			children = (
				5A58249C2A5E616C008C8068 /* ViewModel */,
				5A58249B2A5E615B008C8068 /* View */,
			);
			path = LogIn;
			sourceTree = "<group>";
		};
		5AA251B22A53BE66000090C5 /* UI */ = {
			isa = PBXGroup;
			children = (
				5AA2519F2A53B72C000090C5 /* UIFont+Utility.swift */,
				5AA251A32A53B72C000090C5 /* UINavigationController+Utility.swift */,
				5AA251B02A53BE5D000090C5 /* UIImageView+Utility.swift */,
			);
			path = UI;
			sourceTree = "<group>";
		};
		5AA251B32A53C3B3000090C5 /* Managers */ = {
			isa = PBXGroup;
			children = (
				5AA251B42A53C3BE000090C5 /* AppManager.swift */,
				5A96BA822A5E35FA00BEE3D9 /* UserManager.swift */,
				5A9A6E872A5E400E00E61CA5 /* LoginManager.swift */,
				5A9A6E892A5E416F00E61CA5 /* SignUpManager.swift */,
			);
			path = Managers;
			sourceTree = "<group>";
		};
/* End PBXGroup section */

/* Begin PBXNativeTarget section */
		5A9F28192A4AB4D500E478F3 /* FoodFood */ = {
			isa = PBXNativeTarget;
			buildConfigurationList = 5A9F282E2A4AB4D800E478F3 /* Build configuration list for PBXNativeTarget "FoodFood" */;
			buildPhases = (
				CBD5EAB04DABB9FE0A7471DF /* [CP] Check Pods Manifest.lock */,
				5A9F28162A4AB4D500E478F3 /* Sources */,
				5A9F28172A4AB4D500E478F3 /* Frameworks */,
				5A9F28182A4AB4D500E478F3 /* Resources */,
				2D0C418672AF8603412BEEF6 /* [CP] Embed Pods Frameworks */,
			);
			buildRules = (
			);
			dependencies = (
			);
			name = FoodFood;
			productName = FoodFood;
			productReference = 5A9F281A2A4AB4D500E478F3 /* FoodFood.app */;
			productType = "com.apple.product-type.application";
		};
/* End PBXNativeTarget section */

/* Begin PBXProject section */
		5A9F28122A4AB4D400E478F3 /* Project object */ = {
			isa = PBXProject;
			attributes = {
				BuildIndependentTargetsInParallel = 1;
				LastSwiftUpdateCheck = 1410;
				LastUpgradeCheck = 1410;
				TargetAttributes = {
					5A9F28192A4AB4D500E478F3 = {
						CreatedOnToolsVersion = 14.1;
					};
				};
			};
			buildConfigurationList = 5A9F28152A4AB4D400E478F3 /* Build configuration list for PBXProject "FoodFood" */;
			compatibilityVersion = "Xcode 14.0";
			developmentRegion = en;
			hasScannedForEncodings = 0;
			knownRegions = (
				en,
				Base,
			);
			mainGroup = 5A9F28112A4AB4D400E478F3;
			productRefGroup = 5A9F281B2A4AB4D500E478F3 /* Products */;
			projectDirPath = "";
			projectRoot = "";
			targets = (
				5A9F28192A4AB4D500E478F3 /* FoodFood */,
			);
		};
/* End PBXProject section */

/* Begin PBXResourcesBuildPhase section */
		5A9F28182A4AB4D500E478F3 /* Resources */ = {
			isa = PBXResourcesBuildPhase;
			buildActionMask = 2147483647;
			files = (
				5A9F28272A4AB4D800E478F3 /* Assets.xcassets in Resources */,
			);
			runOnlyForDeploymentPostprocessing = 0;
		};
/* End PBXResourcesBuildPhase section */

/* Begin PBXShellScriptBuildPhase section */
		2D0C418672AF8603412BEEF6 /* [CP] Embed Pods Frameworks */ = {
			isa = PBXShellScriptBuildPhase;
			buildActionMask = 2147483647;
			files = (
			);
			inputFileListPaths = (
				"${PODS_ROOT}/Target Support Files/Pods-FoodFood/Pods-FoodFood-frameworks-${CONFIGURATION}-input-files.xcfilelist",
			);
			name = "[CP] Embed Pods Frameworks";
			outputFileListPaths = (
				"${PODS_ROOT}/Target Support Files/Pods-FoodFood/Pods-FoodFood-frameworks-${CONFIGURATION}-output-files.xcfilelist",
			);
			runOnlyForDeploymentPostprocessing = 0;
			shellPath = /bin/sh;
			shellScript = "\"${PODS_ROOT}/Target Support Files/Pods-FoodFood/Pods-FoodFood-frameworks.sh\"\n";
			showEnvVarsInLog = 0;
		};
		CBD5EAB04DABB9FE0A7471DF /* [CP] Check Pods Manifest.lock */ = {
			isa = PBXShellScriptBuildPhase;
			buildActionMask = 2147483647;
			files = (
			);
			inputFileListPaths = (
			);
			inputPaths = (
				"${PODS_PODFILE_DIR_PATH}/Podfile.lock",
				"${PODS_ROOT}/Manifest.lock",
			);
			name = "[CP] Check Pods Manifest.lock";
			outputFileListPaths = (
			);
			outputPaths = (
				"$(DERIVED_FILE_DIR)/Pods-FoodFood-checkManifestLockResult.txt",
			);
			runOnlyForDeploymentPostprocessing = 0;
			shellPath = /bin/sh;
			shellScript = "diff \"${PODS_PODFILE_DIR_PATH}/Podfile.lock\" \"${PODS_ROOT}/Manifest.lock\" > /dev/null\nif [ $? != 0 ] ; then\n    # print error to STDERR\n    echo \"error: The sandbox is not in sync with the Podfile.lock. Run 'pod install' or update your CocoaPods installation.\" >&2\n    exit 1\nfi\n# This output is used by Xcode 'outputs' to avoid re-running this script phase.\necho \"SUCCESS\" > \"${SCRIPT_OUTPUT_FILE_0}\"\n";
			showEnvVarsInLog = 0;
		};
/* End PBXShellScriptBuildPhase section */

/* Begin PBXSourcesBuildPhase section */
		5A9F28162A4AB4D500E478F3 /* Sources */ = {
			isa = PBXSourcesBuildPhase;
			buildActionMask = 2147483647;
			files = (
				5A6A95AD2A52BAEA00DCAB37 /* AppDelegate+Services.swift in Sources */,
				5A9A6E882A5E400E00E61CA5 /* LoginManager.swift in Sources */,
				5AA251AA2A53B72C000090C5 /* String+Utility.swift in Sources */,
				5A58249E2A5E617A008C8068 /* LoginVM.swift in Sources */,
				5AA251992A53B6EB000090C5 /* BaseViewController.swift in Sources */,
				5A96BA832A5E35FA00BEE3D9 /* UserManager.swift in Sources */,
				5AA251A92A53B72C000090C5 /* ABLength.swift in Sources */,
				5AA251AB2A53B72C000090C5 /* UINavigationController+Utility.swift in Sources */,
				5AA251A82A53B72C000090C5 /* UIFont+Utility.swift in Sources */,
				5A9A6E8A2A5E416F00E61CA5 /* SignUpManager.swift in Sources */,
				5A9F281E2A4AB4D500E478F3 /* AppDelegate.swift in Sources */,
				5AA251A62A53B72C000090C5 /* GlobalFunc.swift in Sources */,
				5AA251AF2A53BDD1000090C5 /* LogInViewController.swift in Sources */,
				5A5824A52A5E76A1008C8068 /* SignUpVM.swift in Sources */,
				5A9A6E8C2A5E44E800E61CA5 /* BaseTextField.swift in Sources */,
				5A5824A32A5E7690008C8068 /* SignUpViewController.swift in Sources */,
				5A89308D2A60DABC00BB5AB3 /* AppConfiguration.swift in Sources */,
				5AA251B52A53C3BE000090C5 /* AppManager.swift in Sources */,
				5AA251A72A53B72C000090C5 /* GlobalImports.swift in Sources */,
				5AA251AC2A53B72C000090C5 /* DayNightMode.swift in Sources */,
				5AA251B12A53BE5D000090C5 /* UIImageView+Utility.swift in Sources */,
				5AA251A52A53B72C000090C5 /* MainViewController.swift in Sources */,
			);
			runOnlyForDeploymentPostprocessing = 0;
		};
/* End PBXSourcesBuildPhase section */

/* Begin PBXVariantGroup section */
		5A9F28282A4AB4D800E478F3 /* LaunchScreen.storyboard */ = {
			isa = PBXVariantGroup;
			children = (
				5A9F28292A4AB4D800E478F3 /* Base */,
			);
			name = LaunchScreen.storyboard;
			sourceTree = "<group>";
		};
/* End PBXVariantGroup section */

/* Begin XCBuildConfiguration section */
		5A9F282C2A4AB4D800E478F3 /* Debug */ = {
			isa = XCBuildConfiguration;
			buildSettings = {
				ALWAYS_SEARCH_USER_PATHS = NO;
				CLANG_ANALYZER_NONNULL = YES;
				CLANG_ANALYZER_NUMBER_OBJECT_CONVERSION = YES_AGGRESSIVE;
				CLANG_CXX_LANGUAGE_STANDARD = "gnu++20";
				CLANG_ENABLE_MODULES = YES;
				CLANG_ENABLE_OBJC_ARC = YES;
				CLANG_ENABLE_OBJC_WEAK = YES;
				CLANG_WARN_BLOCK_CAPTURE_AUTORELEASING = YES;
				CLANG_WARN_BOOL_CONVERSION = YES;
				CLANG_WARN_COMMA = YES;
				CLANG_WARN_CONSTANT_CONVERSION = YES;
				CLANG_WARN_DEPRECATED_OBJC_IMPLEMENTATIONS = YES;
				CLANG_WARN_DIRECT_OBJC_ISA_USAGE = YES_ERROR;
				CLANG_WARN_DOCUMENTATION_COMMENTS = YES;
				CLANG_WARN_EMPTY_BODY = YES;
				CLANG_WARN_ENUM_CONVERSION = YES;
				CLANG_WARN_INFINITE_RECURSION = YES;
				CLANG_WARN_INT_CONVERSION = YES;
				CLANG_WARN_NON_LITERAL_NULL_CONVERSION = YES;
				CLANG_WARN_OBJC_IMPLICIT_RETAIN_SELF = YES;
				CLANG_WARN_OBJC_LITERAL_CONVERSION = YES;
				CLANG_WARN_OBJC_ROOT_CLASS = YES_ERROR;
				CLANG_WARN_QUOTED_INCLUDE_IN_FRAMEWORK_HEADER = YES;
				CLANG_WARN_RANGE_LOOP_ANALYSIS = YES;
				CLANG_WARN_STRICT_PROTOTYPES = YES;
				CLANG_WARN_SUSPICIOUS_MOVE = YES;
				CLANG_WARN_UNGUARDED_AVAILABILITY = YES_AGGRESSIVE;
				CLANG_WARN_UNREACHABLE_CODE = YES;
				CLANG_WARN__DUPLICATE_METHOD_MATCH = YES;
				COPY_PHASE_STRIP = NO;
				DEBUG_INFORMATION_FORMAT = dwarf;
				ENABLE_STRICT_OBJC_MSGSEND = YES;
				ENABLE_TESTABILITY = YES;
				GCC_C_LANGUAGE_STANDARD = gnu11;
				GCC_DYNAMIC_NO_PIC = NO;
				GCC_NO_COMMON_BLOCKS = YES;
				GCC_OPTIMIZATION_LEVEL = 0;
				GCC_PREPROCESSOR_DEFINITIONS = (
					"DEBUG=1",
					"$(inherited)",
				);
				GCC_WARN_64_TO_32_BIT_CONVERSION = YES;
				GCC_WARN_ABOUT_RETURN_TYPE = YES_ERROR;
				GCC_WARN_UNDECLARED_SELECTOR = YES;
				GCC_WARN_UNINITIALIZED_AUTOS = YES_AGGRESSIVE;
				GCC_WARN_UNUSED_FUNCTION = YES;
				GCC_WARN_UNUSED_VARIABLE = YES;
				IPHONEOS_DEPLOYMENT_TARGET = 12.0;
				MTL_ENABLE_DEBUG_INFO = INCLUDE_SOURCE;
				MTL_FAST_MATH = YES;
				ONLY_ACTIVE_ARCH = YES;
				SDKROOT = iphoneos;
				SWIFT_ACTIVE_COMPILATION_CONDITIONS = DEBUG;
				SWIFT_OPTIMIZATION_LEVEL = "-Onone";
			};
			name = Debug;
		};
		5A9F282D2A4AB4D800E478F3 /* Release */ = {
			isa = XCBuildConfiguration;
			buildSettings = {
				ALWAYS_SEARCH_USER_PATHS = NO;
				CLANG_ANALYZER_NONNULL = YES;
				CLANG_ANALYZER_NUMBER_OBJECT_CONVERSION = YES_AGGRESSIVE;
				CLANG_CXX_LANGUAGE_STANDARD = "gnu++20";
				CLANG_ENABLE_MODULES = YES;
				CLANG_ENABLE_OBJC_ARC = YES;
				CLANG_ENABLE_OBJC_WEAK = YES;
				CLANG_WARN_BLOCK_CAPTURE_AUTORELEASING = YES;
				CLANG_WARN_BOOL_CONVERSION = YES;
				CLANG_WARN_COMMA = YES;
				CLANG_WARN_CONSTANT_CONVERSION = YES;
				CLANG_WARN_DEPRECATED_OBJC_IMPLEMENTATIONS = YES;
				CLANG_WARN_DIRECT_OBJC_ISA_USAGE = YES_ERROR;
				CLANG_WARN_DOCUMENTATION_COMMENTS = YES;
				CLANG_WARN_EMPTY_BODY = YES;
				CLANG_WARN_ENUM_CONVERSION = YES;
				CLANG_WARN_INFINITE_RECURSION = YES;
				CLANG_WARN_INT_CONVERSION = YES;
				CLANG_WARN_NON_LITERAL_NULL_CONVERSION = YES;
				CLANG_WARN_OBJC_IMPLICIT_RETAIN_SELF = YES;
				CLANG_WARN_OBJC_LITERAL_CONVERSION = YES;
				CLANG_WARN_OBJC_ROOT_CLASS = YES_ERROR;
				CLANG_WARN_QUOTED_INCLUDE_IN_FRAMEWORK_HEADER = YES;
				CLANG_WARN_RANGE_LOOP_ANALYSIS = YES;
				CLANG_WARN_STRICT_PROTOTYPES = YES;
				CLANG_WARN_SUSPICIOUS_MOVE = YES;
				CLANG_WARN_UNGUARDED_AVAILABILITY = YES_AGGRESSIVE;
				CLANG_WARN_UNREACHABLE_CODE = YES;
				CLANG_WARN__DUPLICATE_METHOD_MATCH = YES;
				COPY_PHASE_STRIP = NO;
				DEBUG_INFORMATION_FORMAT = "dwarf-with-dsym";
				ENABLE_NS_ASSERTIONS = NO;
				ENABLE_STRICT_OBJC_MSGSEND = YES;
				GCC_C_LANGUAGE_STANDARD = gnu11;
				GCC_NO_COMMON_BLOCKS = YES;
				GCC_WARN_64_TO_32_BIT_CONVERSION = YES;
				GCC_WARN_ABOUT_RETURN_TYPE = YES_ERROR;
				GCC_WARN_UNDECLARED_SELECTOR = YES;
				GCC_WARN_UNINITIALIZED_AUTOS = YES_AGGRESSIVE;
				GCC_WARN_UNUSED_FUNCTION = YES;
				GCC_WARN_UNUSED_VARIABLE = YES;
				IPHONEOS_DEPLOYMENT_TARGET = 12.0;
				MTL_ENABLE_DEBUG_INFO = NO;
				MTL_FAST_MATH = YES;
				SDKROOT = iphoneos;
				SWIFT_COMPILATION_MODE = wholemodule;
				SWIFT_OPTIMIZATION_LEVEL = "-O";
				VALIDATE_PRODUCT = YES;
			};
			name = Release;
		};
		5A9F282F2A4AB4D800E478F3 /* Debug */ = {
			isa = XCBuildConfiguration;
			baseConfigurationReference = 3E9C77996E69785745FFC851 /* Pods-FoodFood.debug.xcconfig */;
			buildSettings = {
				ASSETCATALOG_COMPILER_APPICON_NAME = AppIcon;
				ASSETCATALOG_COMPILER_GLOBAL_ACCENT_COLOR_NAME = AccentColor;
				CODE_SIGN_STYLE = Automatic;
				CURRENT_PROJECT_VERSION = 1;
				DEVELOPMENT_TEAM = BF346BU4AP;
				GENERATE_INFOPLIST_FILE = YES;
				INFOPLIST_FILE = FoodFood/Info.plist;
				INFOPLIST_KEY_UIApplicationSupportsIndirectInputEvents = YES;
				INFOPLIST_KEY_UILaunchStoryboardName = LaunchScreen;
				INFOPLIST_KEY_UIStatusBarStyle = "";
				INFOPLIST_KEY_UISupportedInterfaceOrientations = UIInterfaceOrientationPortrait;
				IPHONEOS_DEPLOYMENT_TARGET = 12.0;
				LD_RUNPATH_SEARCH_PATHS = (
					"$(inherited)",
					"@executable_path/Frameworks",
				);
				MARKETING_VERSION = 1.0;
				PRODUCT_BUNDLE_IDENTIFIER = com.akkram.FoodFood;
				PRODUCT_NAME = "$(TARGET_NAME)";
				SUPPORTED_PLATFORMS = "iphoneos iphonesimulator";
				SUPPORTS_MACCATALYST = NO;
				SUPPORTS_MAC_DESIGNED_FOR_IPHONE_IPAD = NO;
				SWIFT_EMIT_LOC_STRINGS = YES;
				SWIFT_VERSION = 5.0;
				TARGETED_DEVICE_FAMILY = 1;
			};
			name = Debug;
		};
		5A9F28302A4AB4D800E478F3 /* Release */ = {
			isa = XCBuildConfiguration;
			baseConfigurationReference = 9A5B1F00D2C7972B3441007E /* Pods-FoodFood.release.xcconfig */;
			buildSettings = {
				ASSETCATALOG_COMPILER_APPICON_NAME = AppIcon;
				ASSETCATALOG_COMPILER_GLOBAL_ACCENT_COLOR_NAME = AccentColor;
				CODE_SIGN_STYLE = Automatic;
				CURRENT_PROJECT_VERSION = 1;
				DEVELOPMENT_TEAM = BF346BU4AP;
				GENERATE_INFOPLIST_FILE = YES;
				INFOPLIST_FILE = FoodFood/Info.plist;
				INFOPLIST_KEY_UIApplicationSupportsIndirectInputEvents = YES;
				INFOPLIST_KEY_UILaunchStoryboardName = LaunchScreen;
				INFOPLIST_KEY_UIStatusBarStyle = "";
				INFOPLIST_KEY_UISupportedInterfaceOrientations = UIInterfaceOrientationPortrait;
				IPHONEOS_DEPLOYMENT_TARGET = 12.0;
				LD_RUNPATH_SEARCH_PATHS = (
					"$(inherited)",
					"@executable_path/Frameworks",
				);
				MARKETING_VERSION = 1.0;
				PRODUCT_BUNDLE_IDENTIFIER = com.akkram.FoodFood;
				PRODUCT_NAME = "$(TARGET_NAME)";
				SUPPORTED_PLATFORMS = "iphoneos iphonesimulator";
				SUPPORTS_MACCATALYST = NO;
				SUPPORTS_MAC_DESIGNED_FOR_IPHONE_IPAD = NO;
				SWIFT_EMIT_LOC_STRINGS = YES;
				SWIFT_VERSION = 5.0;
				TARGETED_DEVICE_FAMILY = 1;
			};
			name = Release;
		};
/* End XCBuildConfiguration section */

/* Begin XCConfigurationList section */
		5A9F28152A4AB4D400E478F3 /* Build configuration list for PBXProject "FoodFood" */ = {
			isa = XCConfigurationList;
			buildConfigurations = (
				5A9F282C2A4AB4D800E478F3 /* Debug */,
				5A9F282D2A4AB4D800E478F3 /* Release */,
			);
			defaultConfigurationIsVisible = 0;
			defaultConfigurationName = Release;
		};
		5A9F282E2A4AB4D800E478F3 /* Build configuration list for PBXNativeTarget "FoodFood" */ = {
			isa = XCConfigurationList;
			buildConfigurations = (
				5A9F282F2A4AB4D800E478F3 /* Debug */,
				5A9F28302A4AB4D800E478F3 /* Release */,
			);
			defaultConfigurationIsVisible = 0;
			defaultConfigurationName = Release;
		};
/* End XCConfigurationList section */
	};
	rootObject = 5A9F28122A4AB4D400E478F3 /* Project object */;
}
